
Microsoft Visual Studio Solution File, Format Version 12.00
# Visual Studio Version 17
VisualStudioVersion = 17.7.34202.233
MinimumVisualStudioVersion = 10.0.40219.1
Project("{FAE04EC0-301F-11D3-BF4B-00C04F79EFBC}") = "TqkLibrary.Vpn", "TqkLibrary.Vpn\TqkLibrary.Vpn.csproj", "{F0E0EDE6-8247-4C2F-937E-AFFE7DE3B881}"
EndProject
Project("{FAE04EC0-301F-11D3-BF4B-00C04F79EFBC}") = "TqkLibrary.Vpn.Abstractions", "TqkLibrary.Vpn.Abstractions\TqkLibrary.Vpn.Abstractions.csproj", "{AACD4D96-BD0B-4138-A125-D598ACD60804}"
EndProject
Project("{FAE04EC0-301F-11D3-BF4B-00C04F79EFBC}") = "TqkLibrary.Vpn.Crypto.Abstractions", "TqkLibrary.Vpn.Crypto.Abstractions\TqkLibrary.Vpn.Crypto.Abstractions.csproj", "{9658DA2B-9DC0-41DC-AA1B-7DC7CB05087E}"
EndProject
Project("{FAE04EC0-301F-11D3-BF4B-00C04F79EFBC}") = "TqkLibrary.Vpn.Crypto", "TqkLibrary.Vpn.Crypto\TqkLibrary.Vpn.Crypto.csproj", "{233B75A9-7529-4CBC-A4D0-620978009D7A}"
EndProject
Project("{FAE04EC0-301F-11D3-BF4B-00C04F79EFBC}") = "TqkLibrary.Vpn.Crypto.Aead", "TqkLibrary.Vpn.Crypto.Aead\TqkLibrary.Vpn.Crypto.Aead.csproj", "{A2910DD9-62F5-4E37-8B65-0A818C35816C}"
EndProject
Project("{FAE04EC0-301F-11D3-BF4B-00C04F79EFBC}") = "TqkLibrary.Vpn.Transport.Tcp", "TqkLibrary.Vpn.Transport.Tcp\TqkLibrary.Vpn.Transport.Tcp.csproj", "{6079B157-52C1-4232-9B0C-B7797F9F8B60}"
EndProject
Project("{FAE04EC0-301F-11D3-BF4B-00C04F79EFBC}") = "TqkLibrary.Vpn.Transport.Tls", "TqkLibrary.Vpn.Transport.Tls\TqkLibrary.Vpn.Transport.Tls.csproj", "{8D5AAD67-EA13-4545-A73F-0FFB51176270}"
EndProject
Project("{FAE04EC0-301F-11D3-BF4B-00C04F79EFBC}") = "TqkLibrary.Vpn.Transport.Udp", "TqkLibrary.Vpn.Transport.Udp\TqkLibrary.Vpn.Transport.Udp.csproj", "{D05C386A-B785-4621-AEF4-B355833373AF}"
EndProject
Project("{FAE04EC0-301F-11D3-BF4B-00C04F79EFBC}") = "TqkLibrary.Vpn.Ppp.Framing", "TqkLibrary.Vpn.Ppp.Framing\TqkLibrary.Vpn.Ppp.Framing.csproj", "{4AD0DA98-FB42-4C5C-8FFC-F28FE99ADA63}"
EndProject
Project("{FAE04EC0-301F-11D3-BF4B-00C04F79EFBC}") = "TqkLibrary.Vpn.Ppp", "TqkLibrary.Vpn.Ppp\TqkLibrary.Vpn.Ppp.csproj", "{C7BA0915-B299-49C8-8304-9D6E03A8A5CE}"
EndProject
Project("{FAE04EC0-301F-11D3-BF4B-00C04F79EFBC}") = "TqkLibrary.Vpn.Ppp.Auth", "TqkLibrary.Vpn.Ppp.Auth\TqkLibrary.Vpn.Ppp.Auth.csproj", "{4E6D0C86-3411-40A6-B4EA-412D419D2764}"
EndProject
Project("{FAE04EC0-301F-11D3-BF4B-00C04F79EFBC}") = "TqkLibrary.Vpn.Ipsec.Ike", "TqkLibrary.Vpn.Ipsec.Ike\TqkLibrary.Vpn.Ipsec.Ike.csproj", "{9342AFB8-3E8D-4BF5-A396-716411F3482B}"
EndProject
Project("{FAE04EC0-301F-11D3-BF4B-00C04F79EFBC}") = "TqkLibrary.Vpn.Ipsec.Esp", "TqkLibrary.Vpn.Ipsec.Esp\TqkLibrary.Vpn.Ipsec.Esp.csproj", "{BF8C1BD7-09C2-4452-B19A-7714F4A8FC63}"
EndProject
Project("{FAE04EC0-301F-11D3-BF4B-00C04F79EFBC}") = "TqkLibrary.Vpn.Reliability", "TqkLibrary.Vpn.Reliability\TqkLibrary.Vpn.Reliability.csproj", "{06A2936D-A8E1-429E-A45E-B4653D3F7583}"
EndProject
Project("{FAE04EC0-301F-11D3-BF4B-00C04F79EFBC}") = "TqkLibrary.Vpn.L2tp", "TqkLibrary.Vpn.L2tp\TqkLibrary.Vpn.L2tp.csproj", "{84BE9C23-8F2E-4921-B329-14DF8735264F}"
EndProject
Project("{FAE04EC0-301F-11D3-BF4B-00C04F79EFBC}") = "TqkLibrary.Vpn.IpStack", "TqkLibrary.Vpn.IpStack\TqkLibrary.Vpn.IpStack.csproj", "{51CB1E8C-A814-4A8B-A62D-A0968E4EFA56}"
EndProject
Project("{FAE04EC0-301F-11D3-BF4B-00C04F79EFBC}") = "TqkLibrary.Vpn.IpStack.Tcp", "TqkLibrary.Vpn.IpStack.Tcp\TqkLibrary.Vpn.IpStack.Tcp.csproj", "{D9F81FEF-EFE2-4F15-AA09-B5D3A7DE02E7}"
EndProject
Project("{FAE04EC0-301F-11D3-BF4B-00C04F79EFBC}") = "TqkLibrary.Vpn.Sockets", "TqkLibrary.Vpn.Sockets\TqkLibrary.Vpn.Sockets.csproj", "{AAEBC2B5-D180-4333-8FBA-2F630031A0ED}"
EndProject
Project("{FAE04EC0-301F-11D3-BF4B-00C04F79EFBC}") = "TqkLibrary.Vpn.Drivers.Sstp", "TqkLibrary.Vpn.Drivers.Sstp\TqkLibrary.Vpn.Drivers.Sstp.csproj", "{7072D7F0-CD4F-49EB-AA9C-67BD3CF5F0BE}"
EndProject
Project("{FAE04EC0-301F-11D3-BF4B-00C04F79EFBC}") = "TqkLibrary.Vpn.Drivers.L2tpIpsec", "TqkLibrary.Vpn.Drivers.L2tpIpsec\TqkLibrary.Vpn.Drivers.L2tpIpsec.csproj", "{46AEB5BE-94D8-4888-AB17-9F091C0BECD9}"
EndProject
Project("{FAE04EC0-301F-11D3-BF4B-00C04F79EFBC}") = "TqkLibrary.Vpn.Crypto.Tests", "..\tests\TqkLibrary.Vpn.Crypto.Tests\TqkLibrary.Vpn.Crypto.Tests.csproj", "{4BD5EDDD-2F36-473D-8FE9-7DCC8D2B909F}"
EndProject
Project("{FAE04EC0-301F-11D3-BF4B-00C04F79EFBC}") = "TqkLibrary.Vpn.Ppp.Tests", "..\tests\TqkLibrary.Vpn.Ppp.Tests\TqkLibrary.Vpn.Ppp.Tests.csproj", "{4605FB99-A5F1-4C47-A5E9-4E05F61E40EF}"
EndProject
Project("{FAE04EC0-301F-11D3-BF4B-00C04F79EFBC}") = "TqkLibrary.Vpn.Ppp.Auth.Tests", "..\tests\TqkLibrary.Vpn.Ppp.Auth.Tests\TqkLibrary.Vpn.Ppp.Auth.Tests.csproj", "{282ABF65-D737-468E-9F52-EA40D770C961}"
EndProject
Project("{FAE04EC0-301F-11D3-BF4B-00C04F79EFBC}") = "TqkLibrary.Vpn.Sstp.Tests", "..\tests\TqkLibrary.Vpn.Sstp.Tests\TqkLibrary.Vpn.Sstp.Tests.csproj", "{B9B4093E-B76F-4615-8930-E0085DA26AF3}"
EndProject
Project("{FAE04EC0-301F-11D3-BF4B-00C04F79EFBC}") = "TqkLibrary.Vpn.Tests", "..\tests\TqkLibrary.Vpn.Tests\TqkLibrary.Vpn.Tests.csproj", "{A895FB0A-8EF5-4991-BF8D-C0F8235BB2F0}"
EndProject
Project("{FAE04EC0-301F-11D3-BF4B-00C04F79EFBC}") = "TqkLibrary.Vpn.Ipsec.Esp.Tests", "..\tests\TqkLibrary.Vpn.Ipsec.Esp.Tests\TqkLibrary.Vpn.Ipsec.Esp.Tests.csproj", "{A2512B6B-1693-4452-9B0E-39EAC853237B}"
EndProject
Project("{FAE04EC0-301F-11D3-BF4B-00C04F79EFBC}") = "TqkLibrary.Vpn.Ipsec.Ike.Tests", "..\tests\TqkLibrary.Vpn.Ipsec.Ike.Tests\TqkLibrary.Vpn.Ipsec.Ike.Tests.csproj", "{52696DA7-DC37-41BB-8C80-71D239922391}"
EndProject
Global
	GlobalSection(SolutionConfigurationPlatforms) = preSolution
		Debug|Any CPU = Debug|Any CPU
		Debug|x64 = Debug|x64
		Debug|x86 = Debug|x86
		Release|Any CPU = Release|Any CPU
		Release|x64 = Release|x64
		Release|x86 = Release|x86
	EndGlobalSection
	GlobalSection(ProjectConfigurationPlatforms) = postSolution
		{F0E0EDE6-8247-4C2F-937E-AFFE7DE3B881}.Debug|Any CPU.ActiveCfg = Debug|Any CPU
		{F0E0EDE6-8247-4C2F-937E-AFFE7DE3B881}.Debug|Any CPU.Build.0 = Debug|Any CPU
		{F0E0EDE6-8247-4C2F-937E-AFFE7DE3B881}.Debug|x64.ActiveCfg = Debug|Any CPU
		{F0E0EDE6-8247-4C2F-937E-AFFE7DE3B881}.Debug|x64.Build.0 = Debug|Any CPU
		{F0E0EDE6-8247-4C2F-937E-AFFE7DE3B881}.Debug|x86.ActiveCfg = Debug|Any CPU
		{F0E0EDE6-8247-4C2F-937E-AFFE7DE3B881}.Debug|x86.Build.0 = Debug|Any CPU
		{F0E0EDE6-8247-4C2F-937E-AFFE7DE3B881}.Release|Any CPU.ActiveCfg = Release|Any CPU
		{F0E0EDE6-8247-4C2F-937E-AFFE7DE3B881}.Release|Any CPU.Build.0 = Release|Any CPU
		{F0E0EDE6-8247-4C2F-937E-AFFE7DE3B881}.Release|x64.ActiveCfg = Release|Any CPU
		{F0E0EDE6-8247-4C2F-937E-AFFE7DE3B881}.Release|x64.Build.0 = Release|Any CPU
		{F0E0EDE6-8247-4C2F-937E-AFFE7DE3B881}.Release|x86.ActiveCfg = Release|Any CPU
		{F0E0EDE6-8247-4C2F-937E-AFFE7DE3B881}.Release|x86.Build.0 = Release|Any CPU
		{AACD4D96-BD0B-4138-A125-D598ACD60804}.Debug|Any CPU.ActiveCfg = Debug|Any CPU
		{AACD4D96-BD0B-4138-A125-D598ACD60804}.Debug|Any CPU.Build.0 = Debug|Any CPU
		{AACD4D96-BD0B-4138-A125-D598ACD60804}.Debug|x64.ActiveCfg = Debug|Any CPU
		{AACD4D96-BD0B-4138-A125-D598ACD60804}.Debug|x64.Build.0 = Debug|Any CPU
		{AACD4D96-BD0B-4138-A125-D598ACD60804}.Debug|x86.ActiveCfg = Debug|Any CPU
		{AACD4D96-BD0B-4138-A125-D598ACD60804}.Debug|x86.Build.0 = Debug|Any CPU
		{AACD4D96-BD0B-4138-A125-D598ACD60804}.Release|Any CPU.ActiveCfg = Release|Any CPU
		{AACD4D96-BD0B-4138-A125-D598ACD60804}.Release|Any CPU.Build.0 = Release|Any CPU
		{AACD4D96-BD0B-4138-A125-D598ACD60804}.Release|x64.ActiveCfg = Release|Any CPU
		{AACD4D96-BD0B-4138-A125-D598ACD60804}.Release|x64.Build.0 = Release|Any CPU
		{AACD4D96-BD0B-4138-A125-D598ACD60804}.Release|x86.ActiveCfg = Release|Any CPU
		{AACD4D96-BD0B-4138-A125-D598ACD60804}.Release|x86.Build.0 = Release|Any CPU
		{9658DA2B-9DC0-41DC-AA1B-7DC7CB05087E}.Debug|Any CPU.ActiveCfg = Debug|Any CPU
		{9658DA2B-9DC0-41DC-AA1B-7DC7CB05087E}.Debug|Any CPU.Build.0 = Debug|Any CPU
		{9658DA2B-9DC0-41DC-AA1B-7DC7CB05087E}.Debug|x64.ActiveCfg = Debug|Any CPU
		{9658DA2B-9DC0-41DC-AA1B-7DC7CB05087E}.Debug|x64.Build.0 = Debug|Any CPU
		{9658DA2B-9DC0-41DC-AA1B-7DC7CB05087E}.Debug|x86.ActiveCfg = Debug|Any CPU
		{9658DA2B-9DC0-41DC-AA1B-7DC7CB05087E}.Debug|x86.Build.0 = Debug|Any CPU
		{9658DA2B-9DC0-41DC-AA1B-7DC7CB05087E}.Release|Any CPU.ActiveCfg = Release|Any CPU
		{9658DA2B-9DC0-41DC-AA1B-7DC7CB05087E}.Release|Any CPU.Build.0 = Release|Any CPU
		{9658DA2B-9DC0-41DC-AA1B-7DC7CB05087E}.Release|x64.ActiveCfg = Release|Any CPU
		{9658DA2B-9DC0-41DC-AA1B-7DC7CB05087E}.Release|x64.Build.0 = Release|Any CPU
		{9658DA2B-9DC0-41DC-AA1B-7DC7CB05087E}.Release|x86.ActiveCfg = Release|Any CPU
		{9658DA2B-9DC0-41DC-AA1B-7DC7CB05087E}.Release|x86.Build.0 = Release|Any CPU
		{233B75A9-7529-4CBC-A4D0-620978009D7A}.Debug|Any CPU.ActiveCfg = Debug|Any CPU
		{233B75A9-7529-4CBC-A4D0-620978009D7A}.Debug|Any CPU.Build.0 = Debug|Any CPU
		{233B75A9-7529-4CBC-A4D0-620978009D7A}.Debug|x64.ActiveCfg = Debug|Any CPU
		{233B75A9-7529-4CBC-A4D0-620978009D7A}.Debug|x64.Build.0 = Debug|Any CPU
		{233B75A9-7529-4CBC-A4D0-620978009D7A}.Debug|x86.ActiveCfg = Debug|Any CPU
		{233B75A9-7529-4CBC-A4D0-620978009D7A}.Debug|x86.Build.0 = Debug|Any CPU
		{233B75A9-7529-4CBC-A4D0-620978009D7A}.Release|Any CPU.ActiveCfg = Release|Any CPU
		{233B75A9-7529-4CBC-A4D0-620978009D7A}.Release|Any CPU.Build.0 = Release|Any CPU
		{233B75A9-7529-4CBC-A4D0-620978009D7A}.Release|x64.ActiveCfg = Release|Any CPU
		{233B75A9-7529-4CBC-A4D0-620978009D7A}.Release|x64.Build.0 = Release|Any CPU
		{233B75A9-7529-4CBC-A4D0-620978009D7A}.Release|x86.ActiveCfg = Release|Any CPU
		{233B75A9-7529-4CBC-A4D0-620978009D7A}.Release|x86.Build.0 = Release|Any CPU
		{A2910DD9-62F5-4E37-8B65-0A818C35816C}.Debug|Any CPU.ActiveCfg = Debug|Any CPU
		{A2910DD9-62F5-4E37-8B65-0A818C35816C}.Debug|Any CPU.Build.0 = Debug|Any CPU
		{A2910DD9-62F5-4E37-8B65-0A818C35816C}.Debug|x64.ActiveCfg = Debug|Any CPU
		{A2910DD9-62F5-4E37-8B65-0A818C35816C}.Debug|x64.Build.0 = Debug|Any CPU
		{A2910DD9-62F5-4E37-8B65-0A818C35816C}.Debug|x86.ActiveCfg = Debug|Any CPU
		{A2910DD9-62F5-4E37-8B65-0A818C35816C}.Debug|x86.Build.0 = Debug|Any CPU
		{A2910DD9-62F5-4E37-8B65-0A818C35816C}.Release|Any CPU.ActiveCfg = Release|Any CPU
		{A2910DD9-62F5-4E37-8B65-0A818C35816C}.Release|Any CPU.Build.0 = Release|Any CPU
		{A2910DD9-62F5-4E37-8B65-0A818C35816C}.Release|x64.ActiveCfg = Release|Any CPU
		{A2910DD9-62F5-4E37-8B65-0A818C35816C}.Release|x64.Build.0 = Release|Any CPU
		{A2910DD9-62F5-4E37-8B65-0A818C35816C}.Release|x86.ActiveCfg = Release|Any CPU
		{A2910DD9-62F5-4E37-8B65-0A818C35816C}.Release|x86.Build.0 = Release|Any CPU
		{6079B157-52C1-4232-9B0C-B7797F9F8B60}.Debug|Any CPU.ActiveCfg = Debug|Any CPU
		{6079B157-52C1-4232-9B0C-B7797F9F8B60}.Debug|Any CPU.Build.0 = Debug|Any CPU
		{6079B157-52C1-4232-9B0C-B7797F9F8B60}.Debug|x64.ActiveCfg = Debug|Any CPU
		{6079B157-52C1-4232-9B0C-B7797F9F8B60}.Debug|x64.Build.0 = Debug|Any CPU
		{6079B157-52C1-4232-9B0C-B7797F9F8B60}.Debug|x86.ActiveCfg = Debug|Any CPU
		{6079B157-52C1-4232-9B0C-B7797F9F8B60}.Debug|x86.Build.0 = Debug|Any CPU
		{6079B157-52C1-4232-9B0C-B7797F9F8B60}.Release|Any CPU.ActiveCfg = Release|Any CPU
		{6079B157-52C1-4232-9B0C-B7797F9F8B60}.Release|Any CPU.Build.0 = Release|Any CPU
		{6079B157-52C1-4232-9B0C-B7797F9F8B60}.Release|x64.ActiveCfg = Release|Any CPU
		{6079B157-52C1-4232-9B0C-B7797F9F8B60}.Release|x64.Build.0 = Release|Any CPU
		{6079B157-52C1-4232-9B0C-B7797F9F8B60}.Release|x86.ActiveCfg = Release|Any CPU
		{6079B157-52C1-4232-9B0C-B7797F9F8B60}.Release|x86.Build.0 = Release|Any CPU
		{8D5AAD67-EA13-4545-A73F-0FFB51176270}.Debug|Any CPU.ActiveCfg = Debug|Any CPU
		{8D5AAD67-EA13-4545-A73F-0FFB51176270}.Debug|Any CPU.Build.0 = Debug|Any CPU
		{8D5AAD67-EA13-4545-A73F-0FFB51176270}.Debug|x64.ActiveCfg = Debug|Any CPU
		{8D5AAD67-EA13-4545-A73F-0FFB51176270}.Debug|x64.Build.0 = Debug|Any CPU
		{8D5AAD67-EA13-4545-A73F-0FFB51176270}.Debug|x86.ActiveCfg = Debug|Any CPU
		{8D5AAD67-EA13-4545-A73F-0FFB51176270}.Debug|x86.Build.0 = Debug|Any CPU
		{8D5AAD67-EA13-4545-A73F-0FFB51176270}.Release|Any CPU.ActiveCfg = Release|Any CPU
		{8D5AAD67-EA13-4545-A73F-0FFB51176270}.Release|Any CPU.Build.0 = Release|Any CPU
		{8D5AAD67-EA13-4545-A73F-0FFB51176270}.Release|x64.ActiveCfg = Release|Any CPU
		{8D5AAD67-EA13-4545-A73F-0FFB51176270}.Release|x64.Build.0 = Release|Any CPU
		{8D5AAD67-EA13-4545-A73F-0FFB51176270}.Release|x86.ActiveCfg = Release|Any CPU
		{8D5AAD67-EA13-4545-A73F-0FFB51176270}.Release|x86.Build.0 = Release|Any CPU
		{D05C386A-B785-4621-AEF4-B355833373AF}.Debug|Any CPU.ActiveCfg = Debug|Any CPU
		{D05C386A-B785-4621-AEF4-B355833373AF}.Debug|Any CPU.Build.0 = Debug|Any CPU
		{D05C386A-B785-4621-AEF4-B355833373AF}.Debug|x64.ActiveCfg = Debug|Any CPU
		{D05C386A-B785-4621-AEF4-B355833373AF}.Debug|x64.Build.0 = Debug|Any CPU
		{D05C386A-B785-4621-AEF4-B355833373AF}.Debug|x86.ActiveCfg = Debug|Any CPU
		{D05C386A-B785-4621-AEF4-B355833373AF}.Debug|x86.Build.0 = Debug|Any CPU
		{D05C386A-B785-4621-AEF4-B355833373AF}.Release|Any CPU.ActiveCfg = Release|Any CPU
		{D05C386A-B785-4621-AEF4-B355833373AF}.Release|Any CPU.Build.0 = Release|Any CPU
		{D05C386A-B785-4621-AEF4-B355833373AF}.Release|x64.ActiveCfg = Release|Any CPU
		{D05C386A-B785-4621-AEF4-B355833373AF}.Release|x64.Build.0 = Release|Any CPU
		{D05C386A-B785-4621-AEF4-B355833373AF}.Release|x86.ActiveCfg = Release|Any CPU
		{D05C386A-B785-4621-AEF4-B355833373AF}.Release|x86.Build.0 = Release|Any CPU
		{4AD0DA98-FB42-4C5C-8FFC-F28FE99ADA63}.Debug|Any CPU.ActiveCfg = Debug|Any CPU
		{4AD0DA98-FB42-4C5C-8FFC-F28FE99ADA63}.Debug|Any CPU.Build.0 = Debug|Any CPU
		{4AD0DA98-FB42-4C5C-8FFC-F28FE99ADA63}.Debug|x64.ActiveCfg = Debug|Any CPU
		{4AD0DA98-FB42-4C5C-8FFC-F28FE99ADA63}.Debug|x64.Build.0 = Debug|Any CPU
		{4AD0DA98-FB42-4C5C-8FFC-F28FE99ADA63}.Debug|x86.ActiveCfg = Debug|Any CPU
		{4AD0DA98-FB42-4C5C-8FFC-F28FE99ADA63}.Debug|x86.Build.0 = Debug|Any CPU
		{4AD0DA98-FB42-4C5C-8FFC-F28FE99ADA63}.Release|Any CPU.ActiveCfg = Release|Any CPU
		{4AD0DA98-FB42-4C5C-8FFC-F28FE99ADA63}.Release|Any CPU.Build.0 = Release|Any CPU
		{4AD0DA98-FB42-4C5C-8FFC-F28FE99ADA63}.Release|x64.ActiveCfg = Release|Any CPU
		{4AD0DA98-FB42-4C5C-8FFC-F28FE99ADA63}.Release|x64.Build.0 = Release|Any CPU
		{4AD0DA98-FB42-4C5C-8FFC-F28FE99ADA63}.Release|x86.ActiveCfg = Release|Any CPU
		{4AD0DA98-FB42-4C5C-8FFC-F28FE99ADA63}.Release|x86.Build.0 = Release|Any CPU
		{C7BA0915-B299-49C8-8304-9D6E03A8A5CE}.Debug|Any CPU.ActiveCfg = Debug|Any CPU
		{C7BA0915-B299-49C8-8304-9D6E03A8A5CE}.Debug|Any CPU.Build.0 = Debug|Any CPU
		{C7BA0915-B299-49C8-8304-9D6E03A8A5CE}.Debug|x64.ActiveCfg = Debug|Any CPU
		{C7BA0915-B299-49C8-8304-9D6E03A8A5CE}.Debug|x64.Build.0 = Debug|Any CPU
		{C7BA0915-B299-49C8-8304-9D6E03A8A5CE}.Debug|x86.ActiveCfg = Debug|Any CPU
		{C7BA0915-B299-49C8-8304-9D6E03A8A5CE}.Debug|x86.Build.0 = Debug|Any CPU
		{C7BA0915-B299-49C8-8304-9D6E03A8A5CE}.Release|Any CPU.ActiveCfg = Release|Any CPU
		{C7BA0915-B299-49C8-8304-9D6E03A8A5CE}.Release|Any CPU.Build.0 = Release|Any CPU
		{C7BA0915-B299-49C8-8304-9D6E03A8A5CE}.Release|x64.ActiveCfg = Release|Any CPU
		{C7BA0915-B299-49C8-8304-9D6E03A8A5CE}.Release|x64.Build.0 = Release|Any CPU
		{C7BA0915-B299-49C8-8304-9D6E03A8A5CE}.Release|x86.ActiveCfg = Release|Any CPU
		{C7BA0915-B299-49C8-8304-9D6E03A8A5CE}.Release|x86.Build.0 = Release|Any CPU
		{4E6D0C86-3411-40A6-B4EA-412D419D2764}.Debug|Any CPU.ActiveCfg = Debug|Any CPU
		{4E6D0C86-3411-40A6-B4EA-412D419D2764}.Debug|Any CPU.Build.0 = Debug|Any CPU
		{4E6D0C86-3411-40A6-B4EA-412D419D2764}.Debug|x64.ActiveCfg = Debug|Any CPU
		{4E6D0C86-3411-40A6-B4EA-412D419D2764}.Debug|x64.Build.0 = Debug|Any CPU
		{4E6D0C86-3411-40A6-B4EA-412D419D2764}.Debug|x86.ActiveCfg = Debug|Any CPU
		{4E6D0C86-3411-40A6-B4EA-412D419D2764}.Debug|x86.Build.0 = Debug|Any CPU
		{4E6D0C86-3411-40A6-B4EA-412D419D2764}.Release|Any CPU.ActiveCfg = Release|Any CPU
		{4E6D0C86-3411-40A6-B4EA-412D419D2764}.Release|Any CPU.Build.0 = Release|Any CPU
		{4E6D0C86-3411-40A6-B4EA-412D419D2764}.Release|x64.ActiveCfg = Release|Any CPU
		{4E6D0C86-3411-40A6-B4EA-412D419D2764}.Release|x64.Build.0 = Release|Any CPU
		{4E6D0C86-3411-40A6-B4EA-412D419D2764}.Release|x86.ActiveCfg = Release|Any CPU
		{4E6D0C86-3411-40A6-B4EA-412D419D2764}.Release|x86.Build.0 = Release|Any CPU
		{9342AFB8-3E8D-4BF5-A396-716411F3482B}.Debug|Any CPU.ActiveCfg = Debug|Any CPU
		{9342AFB8-3E8D-4BF5-A396-716411F3482B}.Debug|Any CPU.Build.0 = Debug|Any CPU
		{9342AFB8-3E8D-4BF5-A396-716411F3482B}.Debug|x64.ActiveCfg = Debug|Any CPU
		{9342AFB8-3E8D-4BF5-A396-716411F3482B}.Debug|x64.Build.0 = Debug|Any CPU
		{9342AFB8-3E8D-4BF5-A396-716411F3482B}.Debug|x86.ActiveCfg = Debug|Any CPU
		{9342AFB8-3E8D-4BF5-A396-716411F3482B}.Debug|x86.Build.0 = Debug|Any CPU
		{9342AFB8-3E8D-4BF5-A396-716411F3482B}.Release|Any CPU.ActiveCfg = Release|Any CPU
		{9342AFB8-3E8D-4BF5-A396-716411F3482B}.Release|Any CPU.Build.0 = Release|Any CPU
		{9342AFB8-3E8D-4BF5-A396-716411F3482B}.Release|x64.ActiveCfg = Release|Any CPU
		{9342AFB8-3E8D-4BF5-A396-716411F3482B}.Release|x64.Build.0 = Release|Any CPU
		{9342AFB8-3E8D-4BF5-A396-716411F3482B}.Release|x86.ActiveCfg = Release|Any CPU
		{9342AFB8-3E8D-4BF5-A396-716411F3482B}.Release|x86.Build.0 = Release|Any CPU
		{BF8C1BD7-09C2-4452-B19A-7714F4A8FC63}.Debug|Any CPU.ActiveCfg = Debug|Any CPU
		{BF8C1BD7-09C2-4452-B19A-7714F4A8FC63}.Debug|Any CPU.Build.0 = Debug|Any CPU
		{BF8C1BD7-09C2-4452-B19A-7714F4A8FC63}.Debug|x64.ActiveCfg = Debug|Any CPU
		{BF8C1BD7-09C2-4452-B19A-7714F4A8FC63}.Debug|x64.Build.0 = Debug|Any CPU
		{BF8C1BD7-09C2-4452-B19A-7714F4A8FC63}.Debug|x86.ActiveCfg = Debug|Any CPU
		{BF8C1BD7-09C2-4452-B19A-7714F4A8FC63}.Debug|x86.Build.0 = Debug|Any CPU
		{BF8C1BD7-09C2-4452-B19A-7714F4A8FC63}.Release|Any CPU.ActiveCfg = Release|Any CPU
		{BF8C1BD7-09C2-4452-B19A-7714F4A8FC63}.Release|Any CPU.Build.0 = Release|Any CPU
		{BF8C1BD7-09C2-4452-B19A-7714F4A8FC63}.Release|x64.ActiveCfg = Release|Any CPU
		{BF8C1BD7-09C2-4452-B19A-7714F4A8FC63}.Release|x64.Build.0 = Release|Any CPU
		{BF8C1BD7-09C2-4452-B19A-7714F4A8FC63}.Release|x86.ActiveCfg = Release|Any CPU
		{BF8C1BD7-09C2-4452-B19A-7714F4A8FC63}.Release|x86.Build.0 = Release|Any CPU
		{06A2936D-A8E1-429E-A45E-B4653D3F7583}.Debug|Any CPU.ActiveCfg = Debug|Any CPU
		{06A2936D-A8E1-429E-A45E-B4653D3F7583}.Debug|Any CPU.Build.0 = Debug|Any CPU
		{06A2936D-A8E1-429E-A45E-B4653D3F7583}.Debug|x64.ActiveCfg = Debug|Any CPU
		{06A2936D-A8E1-429E-A45E-B4653D3F7583}.Debug|x64.Build.0 = Debug|Any CPU
		{06A2936D-A8E1-429E-A45E-B4653D3F7583}.Debug|x86.ActiveCfg = Debug|Any CPU
		{06A2936D-A8E1-429E-A45E-B4653D3F7583}.Debug|x86.Build.0 = Debug|Any CPU
		{06A2936D-A8E1-429E-A45E-B4653D3F7583}.Release|Any CPU.ActiveCfg = Release|Any CPU
		{06A2936D-A8E1-429E-A45E-B4653D3F7583}.Release|Any CPU.Build.0 = Release|Any CPU
		{06A2936D-A8E1-429E-A45E-B4653D3F7583}.Release|x64.ActiveCfg = Release|Any CPU
		{06A2936D-A8E1-429E-A45E-B4653D3F7583}.Release|x64.Build.0 = Release|Any CPU
		{06A2936D-A8E1-429E-A45E-B4653D3F7583}.Release|x86.ActiveCfg = Release|Any CPU
		{06A2936D-A8E1-429E-A45E-B4653D3F7583}.Release|x86.Build.0 = Release|Any CPU
		{84BE9C23-8F2E-4921-B329-14DF8735264F}.Debug|Any CPU.ActiveCfg = Debug|Any CPU
		{84BE9C23-8F2E-4921-B329-14DF8735264F}.Debug|Any CPU.Build.0 = Debug|Any CPU
		{84BE9C23-8F2E-4921-B329-14DF8735264F}.Debug|x64.ActiveCfg = Debug|Any CPU
		{84BE9C23-8F2E-4921-B329-14DF8735264F}.Debug|x64.Build.0 = Debug|Any CPU
		{84BE9C23-8F2E-4921-B329-14DF8735264F}.Debug|x86.ActiveCfg = Debug|Any CPU
		{84BE9C23-8F2E-4921-B329-14DF8735264F}.Debug|x86.Build.0 = Debug|Any CPU
		{84BE9C23-8F2E-4921-B329-14DF8735264F}.Release|Any CPU.ActiveCfg = Release|Any CPU
		{84BE9C23-8F2E-4921-B329-14DF8735264F}.Release|Any CPU.Build.0 = Release|Any CPU
		{84BE9C23-8F2E-4921-B329-14DF8735264F}.Release|x64.ActiveCfg = Release|Any CPU
		{84BE9C23-8F2E-4921-B329-14DF8735264F}.Release|x64.Build.0 = Release|Any CPU
		{84BE9C23-8F2E-4921-B329-14DF8735264F}.Release|x86.ActiveCfg = Release|Any CPU
		{84BE9C23-8F2E-4921-B329-14DF8735264F}.Release|x86.Build.0 = Release|Any CPU
		{51CB1E8C-A814-4A8B-A62D-A0968E4EFA56}.Debug|Any CPU.ActiveCfg = Debug|Any CPU
		{51CB1E8C-A814-4A8B-A62D-A0968E4EFA56}.Debug|Any CPU.Build.0 = Debug|Any CPU
		{51CB1E8C-A814-4A8B-A62D-A0968E4EFA56}.Debug|x64.ActiveCfg = Debug|Any CPU
		{51CB1E8C-A814-4A8B-A62D-A0968E4EFA56}.Debug|x64.Build.0 = Debug|Any CPU
		{51CB1E8C-A814-4A8B-A62D-A0968E4EFA56}.Debug|x86.ActiveCfg = Debug|Any CPU
		{51CB1E8C-A814-4A8B-A62D-A0968E4EFA56}.Debug|x86.Build.0 = Debug|Any CPU
		{51CB1E8C-A814-4A8B-A62D-A0968E4EFA56}.Release|Any CPU.ActiveCfg = Release|Any CPU
		{51CB1E8C-A814-4A8B-A62D-A0968E4EFA56}.Release|Any CPU.Build.0 = Release|Any CPU
		{51CB1E8C-A814-4A8B-A62D-A0968E4EFA56}.Release|x64.ActiveCfg = Release|Any CPU
		{51CB1E8C-A814-4A8B-A62D-A0968E4EFA56}.Release|x64.Build.0 = Release|Any CPU
		{51CB1E8C-A814-4A8B-A62D-A0968E4EFA56}.Release|x86.ActiveCfg = Release|Any CPU
		{51CB1E8C-A814-4A8B-A62D-A0968E4EFA56}.Release|x86.Build.0 = Release|Any CPU
		{D9F81FEF-EFE2-4F15-AA09-B5D3A7DE02E7}.Debug|Any CPU.ActiveCfg = Debug|Any CPU
		{D9F81FEF-EFE2-4F15-AA09-B5D3A7DE02E7}.Debug|Any CPU.Build.0 = Debug|Any CPU
		{D9F81FEF-EFE2-4F15-AA09-B5D3A7DE02E7}.Debug|x64.ActiveCfg = Debug|Any CPU
		{D9F81FEF-EFE2-4F15-AA09-B5D3A7DE02E7}.Debug|x64.Build.0 = Debug|Any CPU
		{D9F81FEF-EFE2-4F15-AA09-B5D3A7DE02E7}.Debug|x86.ActiveCfg = Debug|Any CPU
		{D9F81FEF-EFE2-4F15-AA09-B5D3A7DE02E7}.Debug|x86.Build.0 = Debug|Any CPU
		{D9F81FEF-EFE2-4F15-AA09-B5D3A7DE02E7}.Release|Any CPU.ActiveCfg = Release|Any CPU
		{D9F81FEF-EFE2-4F15-AA09-B5D3A7DE02E7}.Release|Any CPU.Build.0 = Release|Any CPU
		{D9F81FEF-EFE2-4F15-AA09-B5D3A7DE02E7}.Release|x64.ActiveCfg = Release|Any CPU
		{D9F81FEF-EFE2-4F15-AA09-B5D3A7DE02E7}.Release|x64.Build.0 = Release|Any CPU
		{D9F81FEF-EFE2-4F15-AA09-B5D3A7DE02E7}.Release|x86.ActiveCfg = Release|Any CPU
		{D9F81FEF-EFE2-4F15-AA09-B5D3A7DE02E7}.Release|x86.Build.0 = Release|Any CPU
		{AAEBC2B5-D180-4333-8FBA-2F630031A0ED}.Debug|Any CPU.ActiveCfg = Debug|Any CPU
		{AAEBC2B5-D180-4333-8FBA-2F630031A0ED}.Debug|Any CPU.Build.0 = Debug|Any CPU
		{AAEBC2B5-D180-4333-8FBA-2F630031A0ED}.Debug|x64.ActiveCfg = Debug|Any CPU
		{AAEBC2B5-D180-4333-8FBA-2F630031A0ED}.Debug|x64.Build.0 = Debug|Any CPU
		{AAEBC2B5-D180-4333-8FBA-2F630031A0ED}.Debug|x86.ActiveCfg = Debug|Any CPU
		{AAEBC2B5-D180-4333-8FBA-2F630031A0ED}.Debug|x86.Build.0 = Debug|Any CPU
		{AAEBC2B5-D180-4333-8FBA-2F630031A0ED}.Release|Any CPU.ActiveCfg = Release|Any CPU
		{AAEBC2B5-D180-4333-8FBA-2F630031A0ED}.Release|Any CPU.Build.0 = Release|Any CPU
		{AAEBC2B5-D180-4333-8FBA-2F630031A0ED}.Release|x64.ActiveCfg = Release|Any CPU
		{AAEBC2B5-D180-4333-8FBA-2F630031A0ED}.Release|x64.Build.0 = Release|Any CPU
		{AAEBC2B5-D180-4333-8FBA-2F630031A0ED}.Release|x86.ActiveCfg = Release|Any CPU
		{AAEBC2B5-D180-4333-8FBA-2F630031A0ED}.Release|x86.Build.0 = Release|Any CPU
		{7072D7F0-CD4F-49EB-AA9C-67BD3CF5F0BE}.Debug|Any CPU.ActiveCfg = Debug|Any CPU
		{7072D7F0-CD4F-49EB-AA9C-67BD3CF5F0BE}.Debug|Any CPU.Build.0 = Debug|Any CPU
		{7072D7F0-CD4F-49EB-AA9C-67BD3CF5F0BE}.Debug|x64.ActiveCfg = Debug|Any CPU
		{7072D7F0-CD4F-49EB-AA9C-67BD3CF5F0BE}.Debug|x64.Build.0 = Debug|Any CPU
		{7072D7F0-CD4F-49EB-AA9C-67BD3CF5F0BE}.Debug|x86.ActiveCfg = Debug|Any CPU
		{7072D7F0-CD4F-49EB-AA9C-67BD3CF5F0BE}.Debug|x86.Build.0 = Debug|Any CPU
		{7072D7F0-CD4F-49EB-AA9C-67BD3CF5F0BE}.Release|Any CPU.ActiveCfg = Release|Any CPU
		{7072D7F0-CD4F-49EB-AA9C-67BD3CF5F0BE}.Release|Any CPU.Build.0 = Release|Any CPU
		{7072D7F0-CD4F-49EB-AA9C-67BD3CF5F0BE}.Release|x64.ActiveCfg = Release|Any CPU
		{7072D7F0-CD4F-49EB-AA9C-67BD3CF5F0BE}.Release|x64.Build.0 = Release|Any CPU
		{7072D7F0-CD4F-49EB-AA9C-67BD3CF5F0BE}.Release|x86.ActiveCfg = Release|Any CPU
		{7072D7F0-CD4F-49EB-AA9C-67BD3CF5F0BE}.Release|x86.Build.0 = Release|Any CPU
		{46AEB5BE-94D8-4888-AB17-9F091C0BECD9}.Debug|Any CPU.ActiveCfg = Debug|Any CPU
		{46AEB5BE-94D8-4888-AB17-9F091C0BECD9}.Debug|Any CPU.Build.0 = Debug|Any CPU
		{46AEB5BE-94D8-4888-AB17-9F091C0BECD9}.Debug|x64.ActiveCfg = Debug|Any CPU
		{46AEB5BE-94D8-4888-AB17-9F091C0BECD9}.Debug|x64.Build.0 = Debug|Any CPU
		{46AEB5BE-94D8-4888-AB17-9F091C0BECD9}.Debug|x86.ActiveCfg = Debug|Any CPU
		{46AEB5BE-94D8-4888-AB17-9F091C0BECD9}.Debug|x86.Build.0 = Debug|Any CPU
		{46AEB5BE-94D8-4888-AB17-9F091C0BECD9}.Release|Any CPU.ActiveCfg = Release|Any CPU
		{46AEB5BE-94D8-4888-AB17-9F091C0BECD9}.Release|Any CPU.Build.0 = Release|Any CPU
		{46AEB5BE-94D8-4888-AB17-9F091C0BECD9}.Release|x64.ActiveCfg = Release|Any CPU
		{46AEB5BE-94D8-4888-AB17-9F091C0BECD9}.Release|x64.Build.0 = Release|Any CPU
		{46AEB5BE-94D8-4888-AB17-9F091C0BECD9}.Release|x86.ActiveCfg = Release|Any CPU
		{46AEB5BE-94D8-4888-AB17-9F091C0BECD9}.Release|x86.Build.0 = Release|Any CPU
		{4BD5EDDD-2F36-473D-8FE9-7DCC8D2B909F}.Debug|Any CPU.ActiveCfg = Debug|Any CPU
		{4BD5EDDD-2F36-473D-8FE9-7DCC8D2B909F}.Debug|Any CPU.Build.0 = Debug|Any CPU
		{4BD5EDDD-2F36-473D-8FE9-7DCC8D2B909F}.Debug|x64.ActiveCfg = Debug|Any CPU
		{4BD5EDDD-2F36-473D-8FE9-7DCC8D2B909F}.Debug|x64.Build.0 = Debug|Any CPU
		{4BD5EDDD-2F36-473D-8FE9-7DCC8D2B909F}.Debug|x86.ActiveCfg = Debug|Any CPU
		{4BD5EDDD-2F36-473D-8FE9-7DCC8D2B909F}.Debug|x86.Build.0 = Debug|Any CPU
		{4BD5EDDD-2F36-473D-8FE9-7DCC8D2B909F}.Release|Any CPU.ActiveCfg = Release|Any CPU
		{4BD5EDDD-2F36-473D-8FE9-7DCC8D2B909F}.Release|Any CPU.Build.0 = Release|Any CPU
		{4BD5EDDD-2F36-473D-8FE9-7DCC8D2B909F}.Release|x64.ActiveCfg = Release|Any CPU
		{4BD5EDDD-2F36-473D-8FE9-7DCC8D2B909F}.Release|x64.Build.0 = Release|Any CPU
		{4BD5EDDD-2F36-473D-8FE9-7DCC8D2B909F}.Release|x86.ActiveCfg = Release|Any CPU
		{4BD5EDDD-2F36-473D-8FE9-7DCC8D2B909F}.Release|x86.Build.0 = Release|Any CPU
		{4605FB99-A5F1-4C47-A5E9-4E05F61E40EF}.Debug|Any CPU.ActiveCfg = Debug|Any CPU
		{4605FB99-A5F1-4C47-A5E9-4E05F61E40EF}.Debug|Any CPU.Build.0 = Debug|Any CPU
		{4605FB99-A5F1-4C47-A5E9-4E05F61E40EF}.Debug|x64.ActiveCfg = Debug|Any CPU
		{4605FB99-A5F1-4C47-A5E9-4E05F61E40EF}.Debug|x64.Build.0 = Debug|Any CPU
		{4605FB99-A5F1-4C47-A5E9-4E05F61E40EF}.Debug|x86.ActiveCfg = Debug|Any CPU
		{4605FB99-A5F1-4C47-A5E9-4E05F61E40EF}.Debug|x86.Build.0 = Debug|Any CPU
		{4605FB99-A5F1-4C47-A5E9-4E05F61E40EF}.Release|Any CPU.ActiveCfg = Release|Any CPU
		{4605FB99-A5F1-4C47-A5E9-4E05F61E40EF}.Release|Any CPU.Build.0 = Release|Any CPU
		{4605FB99-A5F1-4C47-A5E9-4E05F61E40EF}.Release|x64.ActiveCfg = Release|Any CPU
		{4605FB99-A5F1-4C47-A5E9-4E05F61E40EF}.Release|x64.Build.0 = Release|Any CPU
		{4605FB99-A5F1-4C47-A5E9-4E05F61E40EF}.Release|x86.ActiveCfg = Release|Any CPU
		{4605FB99-A5F1-4C47-A5E9-4E05F61E40EF}.Release|x86.Build.0 = Release|Any CPU
		{282ABF65-D737-468E-9F52-EA40D770C961}.Debug|Any CPU.ActiveCfg = Debug|Any CPU
		{282ABF65-D737-468E-9F52-EA40D770C961}.Debug|Any CPU.Build.0 = Debug|Any CPU
		{282ABF65-D737-468E-9F52-EA40D770C961}.Debug|x64.ActiveCfg = Debug|Any CPU
		{282ABF65-D737-468E-9F52-EA40D770C961}.Debug|x64.Build.0 = Debug|Any CPU
		{282ABF65-D737-468E-9F52-EA40D770C961}.Debug|x86.ActiveCfg = Debug|Any CPU
		{282ABF65-D737-468E-9F52-EA40D770C961}.Debug|x86.Build.0 = Debug|Any CPU
		{282ABF65-D737-468E-9F52-EA40D770C961}.Release|Any CPU.ActiveCfg = Release|Any CPU
		{282ABF65-D737-468E-9F52-EA40D770C961}.Release|Any CPU.Build.0 = Release|Any CPU
		{282ABF65-D737-468E-9F52-EA40D770C961}.Release|x64.ActiveCfg = Release|Any CPU
		{282ABF65-D737-468E-9F52-EA40D770C961}.Release|x64.Build.0 = Release|Any CPU
		{282ABF65-D737-468E-9F52-EA40D770C961}.Release|x86.ActiveCfg = Release|Any CPU
		{282ABF65-D737-468E-9F52-EA40D770C961}.Release|x86.Build.0 = Release|Any CPU
		{B9B4093E-B76F-4615-8930-E0085DA26AF3}.Debug|Any CPU.ActiveCfg = Debug|Any CPU
		{B9B4093E-B76F-4615-8930-E0085DA26AF3}.Debug|Any CPU.Build.0 = Debug|Any CPU
		{B9B4093E-B76F-4615-8930-E0085DA26AF3}.Debug|x64.ActiveCfg = Debug|Any CPU
		{B9B4093E-B76F-4615-8930-E0085DA26AF3}.Debug|x64.Build.0 = Debug|Any CPU
		{B9B4093E-B76F-4615-8930-E0085DA26AF3}.Debug|x86.ActiveCfg = Debug|Any CPU
		{B9B4093E-B76F-4615-8930-E0085DA26AF3}.Debug|x86.Build.0 = Debug|Any CPU
		{B9B4093E-B76F-4615-8930-E0085DA26AF3}.Release|Any CPU.ActiveCfg = Release|Any CPU
		{B9B4093E-B76F-4615-8930-E0085DA26AF3}.Release|Any CPU.Build.0 = Release|Any CPU
		{B9B4093E-B76F-4615-8930-E0085DA26AF3}.Release|x64.ActiveCfg = Release|Any CPU
		{B9B4093E-B76F-4615-8930-E0085DA26AF3}.Release|x64.Build.0 = Release|Any CPU
		{B9B4093E-B76F-4615-8930-E0085DA26AF3}.Release|x86.ActiveCfg = Release|Any CPU
		{B9B4093E-B76F-4615-8930-E0085DA26AF3}.Release|x86.Build.0 = Release|Any CPU
		{A895FB0A-8EF5-4991-BF8D-C0F8235BB2F0}.Debug|Any CPU.ActiveCfg = Debug|Any CPU
		{A895FB0A-8EF5-4991-BF8D-C0F8235BB2F0}.Debug|Any CPU.Build.0 = Debug|Any CPU
		{A895FB0A-8EF5-4991-BF8D-C0F8235BB2F0}.Debug|x64.ActiveCfg = Debug|Any CPU
		{A895FB0A-8EF5-4991-BF8D-C0F8235BB2F0}.Debug|x64.Build.0 = Debug|Any CPU
		{A895FB0A-8EF5-4991-BF8D-C0F8235BB2F0}.Debug|x86.ActiveCfg = Debug|Any CPU
		{A895FB0A-8EF5-4991-BF8D-C0F8235BB2F0}.Debug|x86.Build.0 = Debug|Any CPU
		{A895FB0A-8EF5-4991-BF8D-C0F8235BB2F0}.Release|Any CPU.ActiveCfg = Release|Any CPU
		{A895FB0A-8EF5-4991-BF8D-C0F8235BB2F0}.Release|Any CPU.Build.0 = Release|Any CPU
		{A895FB0A-8EF5-4991-BF8D-C0F8235BB2F0}.Release|x64.ActiveCfg = Release|Any CPU
		{A895FB0A-8EF5-4991-BF8D-C0F8235BB2F0}.Release|x64.Build.0 = Release|Any CPU
		{A895FB0A-8EF5-4991-BF8D-C0F8235BB2F0}.Release|x86.ActiveCfg = Release|Any CPU
		{A895FB0A-8EF5-4991-BF8D-C0F8235BB2F0}.Release|x86.Build.0 = Release|Any CPU
		{A2512B6B-1693-4452-9B0E-39EAC853237B}.Debug|Any CPU.ActiveCfg = Debug|Any CPU
		{A2512B6B-1693-4452-9B0E-39EAC853237B}.Debug|Any CPU.Build.0 = Debug|Any CPU
		{A2512B6B-1693-4452-9B0E-39EAC853237B}.Debug|x64.ActiveCfg = Debug|Any CPU
		{A2512B6B-1693-4452-9B0E-39EAC853237B}.Debug|x64.Build.0 = Debug|Any CPU
		{A2512B6B-1693-4452-9B0E-39EAC853237B}.Debug|x86.ActiveCfg = Debug|Any CPU
		{A2512B6B-1693-4452-9B0E-39EAC853237B}.Debug|x86.Build.0 = Debug|Any CPU
		{A2512B6B-1693-4452-9B0E-39EAC853237B}.Release|Any CPU.ActiveCfg = Release|Any CPU
		{A2512B6B-1693-4452-9B0E-39EAC853237B}.Release|Any CPU.Build.0 = Release|Any CPU
		{A2512B6B-1693-4452-9B0E-39EAC853237B}.Release|x64.ActiveCfg = Release|Any CPU
		{A2512B6B-1693-4452-9B0E-39EAC853237B}.Release|x64.Build.0 = Release|Any CPU
		{A2512B6B-1693-4452-9B0E-39EAC853237B}.Release|x86.ActiveCfg = Release|Any CPU
		{A2512B6B-1693-4452-9B0E-39EAC853237B}.Release|x86.Build.0 = Release|Any CPU
		{52696DA7-DC37-41BB-8C80-71D239922391}.Debug|Any CPU.ActiveCfg = Debug|Any CPU
		{52696DA7-DC37-41BB-8C80-71D239922391}.Debug|Any CPU.Build.0 = Debug|Any CPU
		{52696DA7-DC37-41BB-8C80-71D239922391}.Debug|x64.ActiveCfg = Debug|Any CPU
		{52696DA7-DC37-41BB-8C80-71D239922391}.Debug|x64.Build.0 = Debug|Any CPU
		{52696DA7-DC37-41BB-8C80-71D239922391}.Debug|x86.ActiveCfg = Debug|Any CPU
		{52696DA7-DC37-41BB-8C80-71D239922391}.Debug|x86.Build.0 = Debug|Any CPU
		{52696DA7-DC37-41BB-8C80-71D239922391}.Release|Any CPU.ActiveCfg = Release|Any CPU
		{52696DA7-DC37-41BB-8C80-71D239922391}.Release|Any CPU.Build.0 = Release|Any CPU
		{52696DA7-DC37-41BB-8C80-71D239922391}.Release|x64.ActiveCfg = Release|Any CPU
		{52696DA7-DC37-41BB-8C80-71D239922391}.Release|x64.Build.0 = Release|Any CPU
		{52696DA7-DC37-41BB-8C80-71D239922391}.Release|x86.ActiveCfg = Release|Any CPU
		{52696DA7-DC37-41BB-8C80-71D239922391}.Release|x86.Build.0 = Release|Any CPU
	EndGlobalSection
	GlobalSection(SolutionProperties) = preSolution
		HideSolutionNode = FALSE
	EndGlobalSection
	GlobalSection(ExtensibilityGlobals) = postSolution
		SolutionGuid = {009866DB-2C18-4FC0-84E8-A53C4AE4010E}
	EndGlobalSection
EndGlobal
