
Microsoft Visual Studio Solution File, Format Version 12.00
# Visual Studio Version 18
VisualStudioVersion = 18.6.11822.322
MinimumVisualStudioVersion = 10.0.40219.1
Project("{FAE04EC0-301F-11D3-BF4B-00C04F79EFBC}") = "TqkLibrary.VpnClient", "TqkLibrary.VpnClient\TqkLibrary.VpnClient.csproj", "{F0E0EDE6-8247-4C2F-937E-AFFE7DE3B881}"
EndProject
Project("{FAE04EC0-301F-11D3-BF4B-00C04F79EFBC}") = "TqkLibrary.VpnClient.Abstractions", "TqkLibrary.VpnClient.Abstractions\TqkLibrary.VpnClient.Abstractions.csproj", "{AACD4D96-BD0B-4138-A125-D598ACD60804}"
EndProject
Project("{FAE04EC0-301F-11D3-BF4B-00C04F79EFBC}") = "TqkLibrary.VpnClient.Crypto", "TqkLibrary.VpnClient.Crypto\TqkLibrary.VpnClient.Crypto.csproj", "{233B75A9-7529-4CBC-A4D0-620978009D7A}"
EndProject
Project("{FAE04EC0-301F-11D3-BF4B-00C04F79EFBC}") = "TqkLibrary.VpnClient.Ppp", "TqkLibrary.VpnClient.Ppp\TqkLibrary.VpnClient.Ppp.csproj", "{C7BA0915-B299-49C8-8304-9D6E03A8A5CE}"
EndProject
Project("{FAE04EC0-301F-11D3-BF4B-00C04F79EFBC}") = "TqkLibrary.VpnClient.L2tp", "TqkLibrary.VpnClient.L2tp\TqkLibrary.VpnClient.L2tp.csproj", "{84BE9C23-8F2E-4921-B329-14DF8735264F}"
EndProject
Project("{FAE04EC0-301F-11D3-BF4B-00C04F79EFBC}") = "TqkLibrary.VpnClient.IpStack", "TqkLibrary.VpnClient.IpStack\TqkLibrary.VpnClient.IpStack.csproj", "{51CB1E8C-A814-4A8B-A62D-A0968E4EFA56}"
EndProject
Project("{FAE04EC0-301F-11D3-BF4B-00C04F79EFBC}") = "TqkLibrary.VpnClient.Sockets", "TqkLibrary.VpnClient.Sockets\TqkLibrary.VpnClient.Sockets.csproj", "{AAEBC2B5-D180-4333-8FBA-2F630031A0ED}"
EndProject
Project("{FAE04EC0-301F-11D3-BF4B-00C04F79EFBC}") = "TqkLibrary.VpnClient.Crypto.Tests", "..\tests\TqkLibrary.VpnClient.Crypto.Tests\TqkLibrary.VpnClient.Crypto.Tests.csproj", "{4BD5EDDD-2F36-473D-8FE9-7DCC8D2B909F}"
EndProject
Project("{FAE04EC0-301F-11D3-BF4B-00C04F79EFBC}") = "TqkLibrary.VpnClient.Ppp.Tests", "..\tests\TqkLibrary.VpnClient.Ppp.Tests\TqkLibrary.VpnClient.Ppp.Tests.csproj", "{4605FB99-A5F1-4C47-A5E9-4E05F61E40EF}"
EndProject
Project("{FAE04EC0-301F-11D3-BF4B-00C04F79EFBC}") = "TqkLibrary.VpnClient.Ppp.Auth.Tests", "..\tests\TqkLibrary.VpnClient.Ppp.Auth.Tests\TqkLibrary.VpnClient.Ppp.Auth.Tests.csproj", "{282ABF65-D737-468E-9F52-EA40D770C961}"
EndProject
Project("{FAE04EC0-301F-11D3-BF4B-00C04F79EFBC}") = "TqkLibrary.VpnClient.Sstp.Tests", "..\tests\TqkLibrary.VpnClient.Sstp.Tests\TqkLibrary.VpnClient.Sstp.Tests.csproj", "{B9B4093E-B76F-4615-8930-E0085DA26AF3}"
EndProject
Project("{FAE04EC0-301F-11D3-BF4B-00C04F79EFBC}") = "TqkLibrary.VpnClient.Tests", "..\tests\TqkLibrary.VpnClient.Tests\TqkLibrary.VpnClient.Tests.csproj", "{A895FB0A-8EF5-4991-BF8D-C0F8235BB2F0}"
EndProject
Project("{FAE04EC0-301F-11D3-BF4B-00C04F79EFBC}") = "TqkLibrary.VpnClient.Ipsec.Esp.Tests", "..\tests\TqkLibrary.VpnClient.Ipsec.Esp.Tests\TqkLibrary.VpnClient.Ipsec.Esp.Tests.csproj", "{A2512B6B-1693-4452-9B0E-39EAC853237B}"
EndProject
Project("{FAE04EC0-301F-11D3-BF4B-00C04F79EFBC}") = "TqkLibrary.VpnClient.Ipsec.Ike.Tests", "..\tests\TqkLibrary.VpnClient.Ipsec.Ike.Tests\TqkLibrary.VpnClient.Ipsec.Ike.Tests.csproj", "{52696DA7-DC37-41BB-8C80-71D239922391}"
EndProject
Project("{FAE04EC0-301F-11D3-BF4B-00C04F79EFBC}") = "TqkLibrary.VpnClient.L2tp.Tests", "..\tests\TqkLibrary.VpnClient.L2tp.Tests\TqkLibrary.VpnClient.L2tp.Tests.csproj", "{DC7FF2E2-B5A1-408F-A70A-68D969DEC7C8}"
EndProject
Project("{FAE04EC0-301F-11D3-BF4B-00C04F79EFBC}") = "TqkLibrary.VpnClient.Drivers.L2tpIpsec.Tests", "..\tests\TqkLibrary.VpnClient.Drivers.L2tpIpsec.Tests\TqkLibrary.VpnClient.Drivers.L2tpIpsec.Tests.csproj", "{04076DEC-B2CE-4FCA-827B-7ECAB8744820}"
EndProject
Project("{FAE04EC0-301F-11D3-BF4B-00C04F79EFBC}") = "TqkLibrary.VpnClient.IpStack.Tests", "..\tests\TqkLibrary.VpnClient.IpStack.Tests\TqkLibrary.VpnClient.IpStack.Tests.csproj", "{5CFC0347-488E-40DC-A1FB-C457805F34D4}"
EndProject
Project("{FAE04EC0-301F-11D3-BF4B-00C04F79EFBC}") = "TqkLibrary.VpnClient.Ipsec", "TqkLibrary.VpnClient.Ipsec\TqkLibrary.VpnClient.Ipsec.csproj", "{19262392-AB95-4113-8BB8-A9694D22B36A}"
EndProject
Project("{FAE04EC0-301F-11D3-BF4B-00C04F79EFBC}") = "Vpn2ProxyDemo", "..\demo\Vpn2ProxyDemo\Vpn2ProxyDemo.csproj", "{0E09D657-B407-45C6-B172-A68B4253D865}"
EndProject
Project("{2150E333-8FDC-42A3-9474-1A3956D46DE8}") = "2.Tests", "2.Tests", "{B5674C29-4DD8-4665-AED9-66972F3F9830}"
EndProject
Project("{2150E333-8FDC-42A3-9474-1A3956D46DE8}") = "3.Demo", "3.Demo", "{5138D5CC-9FBC-4A30-BB89-42C97ABBD784}"
EndProject
Project("{2150E333-8FDC-42A3-9474-1A3956D46DE8}") = "1.Src", "1.Src", "{5A9BE3D6-B240-43FB-9924-3DEAD4417655}"
EndProject
Project("{2150E333-8FDC-42A3-9474-1A3956D46DE8}") = "0.Solution Items", "0.Solution Items", "{98B060D2-A113-46FF-AF09-8721D46E6279}"
	ProjectSection(SolutionItems) = preProject
		Directory.Build.props = Directory.Build.props
	EndProjectSection
EndProject
Project("{FAE04EC0-301F-11D3-BF4B-00C04F79EFBC}") = "TqkLibrary.VpnClient.Drivers.L2tpIpsec", "TqkLibrary.VpnClient.Drivers.L2tpIpsec\TqkLibrary.VpnClient.Drivers.L2tpIpsec.csproj", "{44861339-41CD-424C-AA8C-8C14C8E2F85B}"
EndProject
Project("{FAE04EC0-301F-11D3-BF4B-00C04F79EFBC}") = "TqkLibrary.VpnClient.Drivers.Sstp", "TqkLibrary.VpnClient.Drivers.Sstp\TqkLibrary.VpnClient.Drivers.Sstp.csproj", "{AAD17727-A124-47CA-BE01-12F7BF7E6A7B}"
EndProject
Project("{FAE04EC0-301F-11D3-BF4B-00C04F79EFBC}") = "TqkLibrary.VpnClient.Ethernet", "TqkLibrary.VpnClient.Ethernet\TqkLibrary.VpnClient.Ethernet.csproj", "{912903F9-695D-4997-9D21-4EA222D49D85}"
EndProject
Project("{FAE04EC0-301F-11D3-BF4B-00C04F79EFBC}") = "TqkLibrary.VpnClient.Ethernet.Tests", "..\tests\TqkLibrary.VpnClient.Ethernet.Tests\TqkLibrary.VpnClient.Ethernet.Tests.csproj", "{D9DB7961-0EFB-44FC-AC67-FF883D693136}"
EndProject
Project("{FAE04EC0-301F-11D3-BF4B-00C04F79EFBC}") = "TqkLibrary.VpnClient.Drivers.Ikev2", "TqkLibrary.VpnClient.Drivers.Ikev2\TqkLibrary.VpnClient.Drivers.Ikev2.csproj", "{24C49B6D-5E24-460C-BB16-F25CDF8B2DE8}"
EndProject
Project("{FAE04EC0-301F-11D3-BF4B-00C04F79EFBC}") = "TqkLibrary.VpnClient.Drivers.Ikev2.Tests", "..\tests\TqkLibrary.VpnClient.Drivers.Ikev2.Tests\TqkLibrary.VpnClient.Drivers.Ikev2.Tests.csproj", "{D778908D-1821-4A16-A98F-A626EE37F0AE}"
EndProject
Global
	GlobalSection(SolutionConfigurationPlatforms) = preSolution
		Debug|Any CPU = Debug|Any CPU
		Debug|x64 = Debug|x64
		Debug|x86 = Debug|x86
		Release|Any CPU = Release|Any CPU
		Release|x64 = Release|x64
		Release|x86 = Release|x86
	EndGlobalSection
	GlobalSection(ProjectConfigurationPlatforms) = postSolution
		{F0E0EDE6-8247-4C2F-937E-AFFE7DE3B881}.Debug|Any CPU.ActiveCfg = Debug|Any CPU
		{F0E0EDE6-8247-4C2F-937E-AFFE7DE3B881}.Debug|Any CPU.Build.0 = Debug|Any CPU
		{F0E0EDE6-8247-4C2F-937E-AFFE7DE3B881}.Debug|x64.ActiveCfg = Debug|Any CPU
		{F0E0EDE6-8247-4C2F-937E-AFFE7DE3B881}.Debug|x64.Build.0 = Debug|Any CPU
		{F0E0EDE6-8247-4C2F-937E-AFFE7DE3B881}.Debug|x86.ActiveCfg = Debug|Any CPU
		{F0E0EDE6-8247-4C2F-937E-AFFE7DE3B881}.Debug|x86.Build.0 = Debug|Any CPU
		{F0E0EDE6-8247-4C2F-937E-AFFE7DE3B881}.Release|Any CPU.ActiveCfg = Release|Any CPU
		{F0E0EDE6-8247-4C2F-937E-AFFE7DE3B881}.Release|Any CPU.Build.0 = Release|Any CPU
		{F0E0EDE6-8247-4C2F-937E-AFFE7DE3B881}.Release|x64.ActiveCfg = Release|Any CPU
		{F0E0EDE6-8247-4C2F-937E-AFFE7DE3B881}.Release|x64.Build.0 = Release|Any CPU
		{F0E0EDE6-8247-4C2F-937E-AFFE7DE3B881}.Release|x86.ActiveCfg = Release|Any CPU
		{F0E0EDE6-8247-4C2F-937E-AFFE7DE3B881}.Release|x86.Build.0 = Release|Any CPU
		{AACD4D96-BD0B-4138-A125-D598ACD60804}.Debug|Any CPU.ActiveCfg = Debug|Any CPU
		{AACD4D96-BD0B-4138-A125-D598ACD60804}.Debug|Any CPU.Build.0 = Debug|Any CPU
		{AACD4D96-BD0B-4138-A125-D598ACD60804}.Debug|x64.ActiveCfg = Debug|Any CPU
		{AACD4D96-BD0B-4138-A125-D598ACD60804}.Debug|x64.Build.0 = Debug|Any CPU
		{AACD4D96-BD0B-4138-A125-D598ACD60804}.Debug|x86.ActiveCfg = Debug|Any CPU
		{AACD4D96-BD0B-4138-A125-D598ACD60804}.Debug|x86.Build.0 = Debug|Any CPU
		{AACD4D96-BD0B-4138-A125-D598ACD60804}.Release|Any CPU.ActiveCfg = Release|Any CPU
		{AACD4D96-BD0B-4138-A125-D598ACD60804}.Release|Any CPU.Build.0 = Release|Any CPU
		{AACD4D96-BD0B-4138-A125-D598ACD60804}.Release|x64.ActiveCfg = Release|Any CPU
		{AACD4D96-BD0B-4138-A125-D598ACD60804}.Release|x64.Build.0 = Release|Any CPU
		{AACD4D96-BD0B-4138-A125-D598ACD60804}.Release|x86.ActiveCfg = Release|Any CPU
		{AACD4D96-BD0B-4138-A125-D598ACD60804}.Release|x86.Build.0 = Release|Any CPU
		{233B75A9-7529-4CBC-A4D0-620978009D7A}.Debug|Any CPU.ActiveCfg = Debug|Any CPU
		{233B75A9-7529-4CBC-A4D0-620978009D7A}.Debug|Any CPU.Build.0 = Debug|Any CPU
		{233B75A9-7529-4CBC-A4D0-620978009D7A}.Debug|x64.ActiveCfg = Debug|Any CPU
		{233B75A9-7529-4CBC-A4D0-620978009D7A}.Debug|x64.Build.0 = Debug|Any CPU
		{233B75A9-7529-4CBC-A4D0-620978009D7A}.Debug|x86.ActiveCfg = Debug|Any CPU
		{233B75A9-7529-4CBC-A4D0-620978009D7A}.Debug|x86.Build.0 = Debug|Any CPU
		{233B75A9-7529-4CBC-A4D0-620978009D7A}.Release|Any CPU.ActiveCfg = Release|Any CPU
		{233B75A9-7529-4CBC-A4D0-620978009D7A}.Release|Any CPU.Build.0 = Release|Any CPU
		{233B75A9-7529-4CBC-A4D0-620978009D7A}.Release|x64.ActiveCfg = Release|Any CPU
		{233B75A9-7529-4CBC-A4D0-620978009D7A}.Release|x64.Build.0 = Release|Any CPU
		{233B75A9-7529-4CBC-A4D0-620978009D7A}.Release|x86.ActiveCfg = Release|Any CPU
		{233B75A9-7529-4CBC-A4D0-620978009D7A}.Release|x86.Build.0 = Release|Any CPU
		{C7BA0915-B299-49C8-8304-9D6E03A8A5CE}.Debug|Any CPU.ActiveCfg = Debug|Any CPU
		{C7BA0915-B299-49C8-8304-9D6E03A8A5CE}.Debug|Any CPU.Build.0 = Debug|Any CPU
		{C7BA0915-B299-49C8-8304-9D6E03A8A5CE}.Debug|x64.ActiveCfg = Debug|Any CPU
		{C7BA0915-B299-49C8-8304-9D6E03A8A5CE}.Debug|x64.Build.0 = Debug|Any CPU
		{C7BA0915-B299-49C8-8304-9D6E03A8A5CE}.Debug|x86.ActiveCfg = Debug|Any CPU
		{C7BA0915-B299-49C8-8304-9D6E03A8A5CE}.Debug|x86.Build.0 = Debug|Any CPU
		{C7BA0915-B299-49C8-8304-9D6E03A8A5CE}.Release|Any CPU.ActiveCfg = Release|Any CPU
		{C7BA0915-B299-49C8-8304-9D6E03A8A5CE}.Release|Any CPU.Build.0 = Release|Any CPU
		{C7BA0915-B299-49C8-8304-9D6E03A8A5CE}.Release|x64.ActiveCfg = Release|Any CPU
		{C7BA0915-B299-49C8-8304-9D6E03A8A5CE}.Release|x64.Build.0 = Release|Any CPU
		{C7BA0915-B299-49C8-8304-9D6E03A8A5CE}.Release|x86.ActiveCfg = Release|Any CPU
		{C7BA0915-B299-49C8-8304-9D6E03A8A5CE}.Release|x86.Build.0 = Release|Any CPU
		{84BE9C23-8F2E-4921-B329-14DF8735264F}.Debug|Any CPU.ActiveCfg = Debug|Any CPU
		{84BE9C23-8F2E-4921-B329-14DF8735264F}.Debug|Any CPU.Build.0 = Debug|Any CPU
		{84BE9C23-8F2E-4921-B329-14DF8735264F}.Debug|x64.ActiveCfg = Debug|Any CPU
		{84BE9C23-8F2E-4921-B329-14DF8735264F}.Debug|x64.Build.0 = Debug|Any CPU
		{84BE9C23-8F2E-4921-B329-14DF8735264F}.Debug|x86.ActiveCfg = Debug|Any CPU
		{84BE9C23-8F2E-4921-B329-14DF8735264F}.Debug|x86.Build.0 = Debug|Any CPU
		{84BE9C23-8F2E-4921-B329-14DF8735264F}.Release|Any CPU.ActiveCfg = Release|Any CPU
		{84BE9C23-8F2E-4921-B329-14DF8735264F}.Release|Any CPU.Build.0 = Release|Any CPU
		{84BE9C23-8F2E-4921-B329-14DF8735264F}.Release|x64.ActiveCfg = Release|Any CPU
		{84BE9C23-8F2E-4921-B329-14DF8735264F}.Release|x64.Build.0 = Release|Any CPU
		{84BE9C23-8F2E-4921-B329-14DF8735264F}.Release|x86.ActiveCfg = Release|Any CPU
		{84BE9C23-8F2E-4921-B329-14DF8735264F}.Release|x86.Build.0 = Release|Any CPU
		{51CB1E8C-A814-4A8B-A62D-A0968E4EFA56}.Debug|Any CPU.ActiveCfg = Debug|Any CPU
		{51CB1E8C-A814-4A8B-A62D-A0968E4EFA56}.Debug|Any CPU.Build.0 = Debug|Any CPU
		{51CB1E8C-A814-4A8B-A62D-A0968E4EFA56}.Debug|x64.ActiveCfg = Debug|Any CPU
		{51CB1E8C-A814-4A8B-A62D-A0968E4EFA56}.Debug|x64.Build.0 = Debug|Any CPU
		{51CB1E8C-A814-4A8B-A62D-A0968E4EFA56}.Debug|x86.ActiveCfg = Debug|Any CPU
		{51CB1E8C-A814-4A8B-A62D-A0968E4EFA56}.Debug|x86.Build.0 = Debug|Any CPU
		{51CB1E8C-A814-4A8B-A62D-A0968E4EFA56}.Release|Any CPU.ActiveCfg = Release|Any CPU
		{51CB1E8C-A814-4A8B-A62D-A0968E4EFA56}.Release|Any CPU.Build.0 = Release|Any CPU
		{51CB1E8C-A814-4A8B-A62D-A0968E4EFA56}.Release|x64.ActiveCfg = Release|Any CPU
		{51CB1E8C-A814-4A8B-A62D-A0968E4EFA56}.Release|x64.Build.0 = Release|Any CPU
		{51CB1E8C-A814-4A8B-A62D-A0968E4EFA56}.Release|x86.ActiveCfg = Release|Any CPU
		{51CB1E8C-A814-4A8B-A62D-A0968E4EFA56}.Release|x86.Build.0 = Release|Any CPU
		{AAEBC2B5-D180-4333-8FBA-2F630031A0ED}.Debug|Any CPU.ActiveCfg = Debug|Any CPU
		{AAEBC2B5-D180-4333-8FBA-2F630031A0ED}.Debug|Any CPU.Build.0 = Debug|Any CPU
		{AAEBC2B5-D180-4333-8FBA-2F630031A0ED}.Debug|x64.ActiveCfg = Debug|Any CPU
		{AAEBC2B5-D180-4333-8FBA-2F630031A0ED}.Debug|x64.Build.0 = Debug|Any CPU
		{AAEBC2B5-D180-4333-8FBA-2F630031A0ED}.Debug|x86.ActiveCfg = Debug|Any CPU
		{AAEBC2B5-D180-4333-8FBA-2F630031A0ED}.Debug|x86.Build.0 = Debug|Any CPU
		{AAEBC2B5-D180-4333-8FBA-2F630031A0ED}.Release|Any CPU.ActiveCfg = Release|Any CPU
		{AAEBC2B5-D180-4333-8FBA-2F630031A0ED}.Release|Any CPU.Build.0 = Release|Any CPU
		{AAEBC2B5-D180-4333-8FBA-2F630031A0ED}.Release|x64.ActiveCfg = Release|Any CPU
		{AAEBC2B5-D180-4333-8FBA-2F630031A0ED}.Release|x64.Build.0 = Release|Any CPU
		{AAEBC2B5-D180-4333-8FBA-2F630031A0ED}.Release|x86.ActiveCfg = Release|Any CPU
		{AAEBC2B5-D180-4333-8FBA-2F630031A0ED}.Release|x86.Build.0 = Release|Any CPU
		{4BD5EDDD-2F36-473D-8FE9-7DCC8D2B909F}.Debug|Any CPU.ActiveCfg = Debug|Any CPU
		{4BD5EDDD-2F36-473D-8FE9-7DCC8D2B909F}.Debug|Any CPU.Build.0 = Debug|Any CPU
		{4BD5EDDD-2F36-473D-8FE9-7DCC8D2B909F}.Debug|x64.ActiveCfg = Debug|Any CPU
		{4BD5EDDD-2F36-473D-8FE9-7DCC8D2B909F}.Debug|x64.Build.0 = Debug|Any CPU
		{4BD5EDDD-2F36-473D-8FE9-7DCC8D2B909F}.Debug|x86.ActiveCfg = Debug|Any CPU
		{4BD5EDDD-2F36-473D-8FE9-7DCC8D2B909F}.Debug|x86.Build.0 = Debug|Any CPU
		{4BD5EDDD-2F36-473D-8FE9-7DCC8D2B909F}.Release|Any CPU.ActiveCfg = Release|Any CPU
		{4BD5EDDD-2F36-473D-8FE9-7DCC8D2B909F}.Release|Any CPU.Build.0 = Release|Any CPU
		{4BD5EDDD-2F36-473D-8FE9-7DCC8D2B909F}.Release|x64.ActiveCfg = Release|Any CPU
		{4BD5EDDD-2F36-473D-8FE9-7DCC8D2B909F}.Release|x64.Build.0 = Release|Any CPU
		{4BD5EDDD-2F36-473D-8FE9-7DCC8D2B909F}.Release|x86.ActiveCfg = Release|Any CPU
		{4BD5EDDD-2F36-473D-8FE9-7DCC8D2B909F}.Release|x86.Build.0 = Release|Any CPU
		{4605FB99-A5F1-4C47-A5E9-4E05F61E40EF}.Debug|Any CPU.ActiveCfg = Debug|Any CPU
		{4605FB99-A5F1-4C47-A5E9-4E05F61E40EF}.Debug|Any CPU.Build.0 = Debug|Any CPU
		{4605FB99-A5F1-4C47-A5E9-4E05F61E40EF}.Debug|x64.ActiveCfg = Debug|Any CPU
		{4605FB99-A5F1-4C47-A5E9-4E05F61E40EF}.Debug|x64.Build.0 = Debug|Any CPU
		{4605FB99-A5F1-4C47-A5E9-4E05F61E40EF}.Debug|x86.ActiveCfg = Debug|Any CPU
		{4605FB99-A5F1-4C47-A5E9-4E05F61E40EF}.Debug|x86.Build.0 = Debug|Any CPU
		{4605FB99-A5F1-4C47-A5E9-4E05F61E40EF}.Release|Any CPU.ActiveCfg = Release|Any CPU
		{4605FB99-A5F1-4C47-A5E9-4E05F61E40EF}.Release|Any CPU.Build.0 = Release|Any CPU
		{4605FB99-A5F1-4C47-A5E9-4E05F61E40EF}.Release|x64.ActiveCfg = Release|Any CPU
		{4605FB99-A5F1-4C47-A5E9-4E05F61E40EF}.Release|x64.Build.0 = Release|Any CPU
		{4605FB99-A5F1-4C47-A5E9-4E05F61E40EF}.Release|x86.ActiveCfg = Release|Any CPU
		{4605FB99-A5F1-4C47-A5E9-4E05F61E40EF}.Release|x86.Build.0 = Release|Any CPU
		{282ABF65-D737-468E-9F52-EA40D770C961}.Debug|Any CPU.ActiveCfg = Debug|Any CPU
		{282ABF65-D737-468E-9F52-EA40D770C961}.Debug|Any CPU.Build.0 = Debug|Any CPU
		{282ABF65-D737-468E-9F52-EA40D770C961}.Debug|x64.ActiveCfg = Debug|Any CPU
		{282ABF65-D737-468E-9F52-EA40D770C961}.Debug|x64.Build.0 = Debug|Any CPU
		{282ABF65-D737-468E-9F52-EA40D770C961}.Debug|x86.ActiveCfg = Debug|Any CPU
		{282ABF65-D737-468E-9F52-EA40D770C961}.Debug|x86.Build.0 = Debug|Any CPU
		{282ABF65-D737-468E-9F52-EA40D770C961}.Release|Any CPU.ActiveCfg = Release|Any CPU
		{282ABF65-D737-468E-9F52-EA40D770C961}.Release|Any CPU.Build.0 = Release|Any CPU
		{282ABF65-D737-468E-9F52-EA40D770C961}.Release|x64.ActiveCfg = Release|Any CPU
		{282ABF65-D737-468E-9F52-EA40D770C961}.Release|x64.Build.0 = Release|Any CPU
		{282ABF65-D737-468E-9F52-EA40D770C961}.Release|x86.ActiveCfg = Release|Any CPU
		{282ABF65-D737-468E-9F52-EA40D770C961}.Release|x86.Build.0 = Release|Any CPU
		{B9B4093E-B76F-4615-8930-E0085DA26AF3}.Debug|Any CPU.ActiveCfg = Debug|Any CPU
		{B9B4093E-B76F-4615-8930-E0085DA26AF3}.Debug|Any CPU.Build.0 = Debug|Any CPU
		{B9B4093E-B76F-4615-8930-E0085DA26AF3}.Debug|x64.ActiveCfg = Debug|Any CPU
		{B9B4093E-B76F-4615-8930-E0085DA26AF3}.Debug|x64.Build.0 = Debug|Any CPU
		{B9B4093E-B76F-4615-8930-E0085DA26AF3}.Debug|x86.ActiveCfg = Debug|Any CPU
		{B9B4093E-B76F-4615-8930-E0085DA26AF3}.Debug|x86.Build.0 = Debug|Any CPU
		{B9B4093E-B76F-4615-8930-E0085DA26AF3}.Release|Any CPU.ActiveCfg = Release|Any CPU
		{B9B4093E-B76F-4615-8930-E0085DA26AF3}.Release|Any CPU.Build.0 = Release|Any CPU
		{B9B4093E-B76F-4615-8930-E0085DA26AF3}.Release|x64.ActiveCfg = Release|Any CPU
		{B9B4093E-B76F-4615-8930-E0085DA26AF3}.Release|x64.Build.0 = Release|Any CPU
		{B9B4093E-B76F-4615-8930-E0085DA26AF3}.Release|x86.ActiveCfg = Release|Any CPU
		{B9B4093E-B76F-4615-8930-E0085DA26AF3}.Release|x86.Build.0 = Release|Any CPU
		{A895FB0A-8EF5-4991-BF8D-C0F8235BB2F0}.Debug|Any CPU.ActiveCfg = Debug|Any CPU
		{A895FB0A-8EF5-4991-BF8D-C0F8235BB2F0}.Debug|Any CPU.Build.0 = Debug|Any CPU
		{A895FB0A-8EF5-4991-BF8D-C0F8235BB2F0}.Debug|x64.ActiveCfg = Debug|Any CPU
		{A895FB0A-8EF5-4991-BF8D-C0F8235BB2F0}.Debug|x64.Build.0 = Debug|Any CPU
		{A895FB0A-8EF5-4991-BF8D-C0F8235BB2F0}.Debug|x86.ActiveCfg = Debug|Any CPU
		{A895FB0A-8EF5-4991-BF8D-C0F8235BB2F0}.Debug|x86.Build.0 = Debug|Any CPU
		{A895FB0A-8EF5-4991-BF8D-C0F8235BB2F0}.Release|Any CPU.ActiveCfg = Release|Any CPU
		{A895FB0A-8EF5-4991-BF8D-C0F8235BB2F0}.Release|Any CPU.Build.0 = Release|Any CPU
		{A895FB0A-8EF5-4991-BF8D-C0F8235BB2F0}.Release|x64.ActiveCfg = Release|Any CPU
		{A895FB0A-8EF5-4991-BF8D-C0F8235BB2F0}.Release|x64.Build.0 = Release|Any CPU
		{A895FB0A-8EF5-4991-BF8D-C0F8235BB2F0}.Release|x86.ActiveCfg = Release|Any CPU
		{A895FB0A-8EF5-4991-BF8D-C0F8235BB2F0}.Release|x86.Build.0 = Release|Any CPU
		{A2512B6B-1693-4452-9B0E-39EAC853237B}.Debug|Any CPU.ActiveCfg = Debug|Any CPU
		{A2512B6B-1693-4452-9B0E-39EAC853237B}.Debug|Any CPU.Build.0 = Debug|Any CPU
		{A2512B6B-1693-4452-9B0E-39EAC853237B}.Debug|x64.ActiveCfg = Debug|Any CPU
		{A2512B6B-1693-4452-9B0E-39EAC853237B}.Debug|x64.Build.0 = Debug|Any CPU
		{A2512B6B-1693-4452-9B0E-39EAC853237B}.Debug|x86.ActiveCfg = Debug|Any CPU
		{A2512B6B-1693-4452-9B0E-39EAC853237B}.Debug|x86.Build.0 = Debug|Any CPU
		{A2512B6B-1693-4452-9B0E-39EAC853237B}.Release|Any CPU.ActiveCfg = Release|Any CPU
		{A2512B6B-1693-4452-9B0E-39EAC853237B}.Release|Any CPU.Build.0 = Release|Any CPU
		{A2512B6B-1693-4452-9B0E-39EAC853237B}.Release|x64.ActiveCfg = Release|Any CPU
		{A2512B6B-1693-4452-9B0E-39EAC853237B}.Release|x64.Build.0 = Release|Any CPU
		{A2512B6B-1693-4452-9B0E-39EAC853237B}.Release|x86.ActiveCfg = Release|Any CPU
		{A2512B6B-1693-4452-9B0E-39EAC853237B}.Release|x86.Build.0 = Release|Any CPU
		{52696DA7-DC37-41BB-8C80-71D239922391}.Debug|Any CPU.ActiveCfg = Debug|Any CPU
		{52696DA7-DC37-41BB-8C80-71D239922391}.Debug|Any CPU.Build.0 = Debug|Any CPU
		{52696DA7-DC37-41BB-8C80-71D239922391}.Debug|x64.ActiveCfg = Debug|Any CPU
		{52696DA7-DC37-41BB-8C80-71D239922391}.Debug|x64.Build.0 = Debug|Any CPU
		{52696DA7-DC37-41BB-8C80-71D239922391}.Debug|x86.ActiveCfg = Debug|Any CPU
		{52696DA7-DC37-41BB-8C80-71D239922391}.Debug|x86.Build.0 = Debug|Any CPU
		{52696DA7-DC37-41BB-8C80-71D239922391}.Release|Any CPU.ActiveCfg = Release|Any CPU
		{52696DA7-DC37-41BB-8C80-71D239922391}.Release|Any CPU.Build.0 = Release|Any CPU
		{52696DA7-DC37-41BB-8C80-71D239922391}.Release|x64.ActiveCfg = Release|Any CPU
		{52696DA7-DC37-41BB-8C80-71D239922391}.Release|x64.Build.0 = Release|Any CPU
		{52696DA7-DC37-41BB-8C80-71D239922391}.Release|x86.ActiveCfg = Release|Any CPU
		{52696DA7-DC37-41BB-8C80-71D239922391}.Release|x86.Build.0 = Release|Any CPU
		{DC7FF2E2-B5A1-408F-A70A-68D969DEC7C8}.Debug|Any CPU.ActiveCfg = Debug|Any CPU
		{DC7FF2E2-B5A1-408F-A70A-68D969DEC7C8}.Debug|Any CPU.Build.0 = Debug|Any CPU
		{DC7FF2E2-B5A1-408F-A70A-68D969DEC7C8}.Debug|x64.ActiveCfg = Debug|Any CPU
		{DC7FF2E2-B5A1-408F-A70A-68D969DEC7C8}.Debug|x64.Build.0 = Debug|Any CPU
		{DC7FF2E2-B5A1-408F-A70A-68D969DEC7C8}.Debug|x86.ActiveCfg = Debug|Any CPU
		{DC7FF2E2-B5A1-408F-A70A-68D969DEC7C8}.Debug|x86.Build.0 = Debug|Any CPU
		{DC7FF2E2-B5A1-408F-A70A-68D969DEC7C8}.Release|Any CPU.ActiveCfg = Release|Any CPU
		{DC7FF2E2-B5A1-408F-A70A-68D969DEC7C8}.Release|Any CPU.Build.0 = Release|Any CPU
		{DC7FF2E2-B5A1-408F-A70A-68D969DEC7C8}.Release|x64.ActiveCfg = Release|Any CPU
		{DC7FF2E2-B5A1-408F-A70A-68D969DEC7C8}.Release|x64.Build.0 = Release|Any CPU
		{DC7FF2E2-B5A1-408F-A70A-68D969DEC7C8}.Release|x86.ActiveCfg = Release|Any CPU
		{DC7FF2E2-B5A1-408F-A70A-68D969DEC7C8}.Release|x86.Build.0 = Release|Any CPU
		{04076DEC-B2CE-4FCA-827B-7ECAB8744820}.Debug|Any CPU.ActiveCfg = Debug|Any CPU
		{04076DEC-B2CE-4FCA-827B-7ECAB8744820}.Debug|Any CPU.Build.0 = Debug|Any CPU
		{04076DEC-B2CE-4FCA-827B-7ECAB8744820}.Debug|x64.ActiveCfg = Debug|Any CPU
		{04076DEC-B2CE-4FCA-827B-7ECAB8744820}.Debug|x64.Build.0 = Debug|Any CPU
		{04076DEC-B2CE-4FCA-827B-7ECAB8744820}.Debug|x86.ActiveCfg = Debug|Any CPU
		{04076DEC-B2CE-4FCA-827B-7ECAB8744820}.Debug|x86.Build.0 = Debug|Any CPU
		{04076DEC-B2CE-4FCA-827B-7ECAB8744820}.Release|Any CPU.ActiveCfg = Release|Any CPU
		{04076DEC-B2CE-4FCA-827B-7ECAB8744820}.Release|Any CPU.Build.0 = Release|Any CPU
		{04076DEC-B2CE-4FCA-827B-7ECAB8744820}.Release|x64.ActiveCfg = Release|Any CPU
		{04076DEC-B2CE-4FCA-827B-7ECAB8744820}.Release|x64.Build.0 = Release|Any CPU
		{04076DEC-B2CE-4FCA-827B-7ECAB8744820}.Release|x86.ActiveCfg = Release|Any CPU
		{04076DEC-B2CE-4FCA-827B-7ECAB8744820}.Release|x86.Build.0 = Release|Any CPU
		{5CFC0347-488E-40DC-A1FB-C457805F34D4}.Debug|Any CPU.ActiveCfg = Debug|Any CPU
		{5CFC0347-488E-40DC-A1FB-C457805F34D4}.Debug|Any CPU.Build.0 = Debug|Any CPU
		{5CFC0347-488E-40DC-A1FB-C457805F34D4}.Debug|x64.ActiveCfg = Debug|Any CPU
		{5CFC0347-488E-40DC-A1FB-C457805F34D4}.Debug|x64.Build.0 = Debug|Any CPU
		{5CFC0347-488E-40DC-A1FB-C457805F34D4}.Debug|x86.ActiveCfg = Debug|Any CPU
		{5CFC0347-488E-40DC-A1FB-C457805F34D4}.Debug|x86.Build.0 = Debug|Any CPU
		{5CFC0347-488E-40DC-A1FB-C457805F34D4}.Release|Any CPU.ActiveCfg = Release|Any CPU
		{5CFC0347-488E-40DC-A1FB-C457805F34D4}.Release|Any CPU.Build.0 = Release|Any CPU
		{5CFC0347-488E-40DC-A1FB-C457805F34D4}.Release|x64.ActiveCfg = Release|Any CPU
		{5CFC0347-488E-40DC-A1FB-C457805F34D4}.Release|x64.Build.0 = Release|Any CPU
		{5CFC0347-488E-40DC-A1FB-C457805F34D4}.Release|x86.ActiveCfg = Release|Any CPU
		{5CFC0347-488E-40DC-A1FB-C457805F34D4}.Release|x86.Build.0 = Release|Any CPU
		{19262392-AB95-4113-8BB8-A9694D22B36A}.Debug|Any CPU.ActiveCfg = Debug|Any CPU
		{19262392-AB95-4113-8BB8-A9694D22B36A}.Debug|Any CPU.Build.0 = Debug|Any CPU
		{19262392-AB95-4113-8BB8-A9694D22B36A}.Debug|x64.ActiveCfg = Debug|Any CPU
		{19262392-AB95-4113-8BB8-A9694D22B36A}.Debug|x64.Build.0 = Debug|Any CPU
		{19262392-AB95-4113-8BB8-A9694D22B36A}.Debug|x86.ActiveCfg = Debug|Any CPU
		{19262392-AB95-4113-8BB8-A9694D22B36A}.Debug|x86.Build.0 = Debug|Any CPU
		{19262392-AB95-4113-8BB8-A9694D22B36A}.Release|Any CPU.ActiveCfg = Release|Any CPU
		{19262392-AB95-4113-8BB8-A9694D22B36A}.Release|Any CPU.Build.0 = Release|Any CPU
		{19262392-AB95-4113-8BB8-A9694D22B36A}.Release|x64.ActiveCfg = Release|Any CPU
		{19262392-AB95-4113-8BB8-A9694D22B36A}.Release|x64.Build.0 = Release|Any CPU
		{19262392-AB95-4113-8BB8-A9694D22B36A}.Release|x86.ActiveCfg = Release|Any CPU
		{19262392-AB95-4113-8BB8-A9694D22B36A}.Release|x86.Build.0 = Release|Any CPU
		{0E09D657-B407-45C6-B172-A68B4253D865}.Debug|Any CPU.ActiveCfg = Debug|Any CPU
		{0E09D657-B407-45C6-B172-A68B4253D865}.Debug|Any CPU.Build.0 = Debug|Any CPU
		{0E09D657-B407-45C6-B172-A68B4253D865}.Debug|x64.ActiveCfg = Debug|Any CPU
		{0E09D657-B407-45C6-B172-A68B4253D865}.Debug|x64.Build.0 = Debug|Any CPU
		{0E09D657-B407-45C6-B172-A68B4253D865}.Debug|x86.ActiveCfg = Debug|Any CPU
		{0E09D657-B407-45C6-B172-A68B4253D865}.Debug|x86.Build.0 = Debug|Any CPU
		{0E09D657-B407-45C6-B172-A68B4253D865}.Release|Any CPU.ActiveCfg = Release|Any CPU
		{0E09D657-B407-45C6-B172-A68B4253D865}.Release|Any CPU.Build.0 = Release|Any CPU
		{0E09D657-B407-45C6-B172-A68B4253D865}.Release|x64.ActiveCfg = Release|Any CPU
		{0E09D657-B407-45C6-B172-A68B4253D865}.Release|x64.Build.0 = Release|Any CPU
		{0E09D657-B407-45C6-B172-A68B4253D865}.Release|x86.ActiveCfg = Release|Any CPU
		{0E09D657-B407-45C6-B172-A68B4253D865}.Release|x86.Build.0 = Release|Any CPU
		{44861339-41CD-424C-AA8C-8C14C8E2F85B}.Debug|Any CPU.ActiveCfg = Debug|Any CPU
		{44861339-41CD-424C-AA8C-8C14C8E2F85B}.Debug|Any CPU.Build.0 = Debug|Any CPU
		{44861339-41CD-424C-AA8C-8C14C8E2F85B}.Debug|x64.ActiveCfg = Debug|Any CPU
		{44861339-41CD-424C-AA8C-8C14C8E2F85B}.Debug|x64.Build.0 = Debug|Any CPU
		{44861339-41CD-424C-AA8C-8C14C8E2F85B}.Debug|x86.ActiveCfg = Debug|Any CPU
		{44861339-41CD-424C-AA8C-8C14C8E2F85B}.Debug|x86.Build.0 = Debug|Any CPU
		{44861339-41CD-424C-AA8C-8C14C8E2F85B}.Release|Any CPU.ActiveCfg = Release|Any CPU
		{44861339-41CD-424C-AA8C-8C14C8E2F85B}.Release|Any CPU.Build.0 = Release|Any CPU
		{44861339-41CD-424C-AA8C-8C14C8E2F85B}.Release|x64.ActiveCfg = Release|Any CPU
		{44861339-41CD-424C-AA8C-8C14C8E2F85B}.Release|x64.Build.0 = Release|Any CPU
		{44861339-41CD-424C-AA8C-8C14C8E2F85B}.Release|x86.ActiveCfg = Release|Any CPU
		{44861339-41CD-424C-AA8C-8C14C8E2F85B}.Release|x86.Build.0 = Release|Any CPU
		{AAD17727-A124-47CA-BE01-12F7BF7E6A7B}.Debug|Any CPU.ActiveCfg = Debug|Any CPU
		{AAD17727-A124-47CA-BE01-12F7BF7E6A7B}.Debug|Any CPU.Build.0 = Debug|Any CPU
		{AAD17727-A124-47CA-BE01-12F7BF7E6A7B}.Debug|x64.ActiveCfg = Debug|Any CPU
		{AAD17727-A124-47CA-BE01-12F7BF7E6A7B}.Debug|x64.Build.0 = Debug|Any CPU
		{AAD17727-A124-47CA-BE01-12F7BF7E6A7B}.Debug|x86.ActiveCfg = Debug|Any CPU
		{AAD17727-A124-47CA-BE01-12F7BF7E6A7B}.Debug|x86.Build.0 = Debug|Any CPU
		{AAD17727-A124-47CA-BE01-12F7BF7E6A7B}.Release|Any CPU.ActiveCfg = Release|Any CPU
		{AAD17727-A124-47CA-BE01-12F7BF7E6A7B}.Release|Any CPU.Build.0 = Release|Any CPU
		{AAD17727-A124-47CA-BE01-12F7BF7E6A7B}.Release|x64.ActiveCfg = Release|Any CPU
		{AAD17727-A124-47CA-BE01-12F7BF7E6A7B}.Release|x64.Build.0 = Release|Any CPU
		{AAD17727-A124-47CA-BE01-12F7BF7E6A7B}.Release|x86.ActiveCfg = Release|Any CPU
		{AAD17727-A124-47CA-BE01-12F7BF7E6A7B}.Release|x86.Build.0 = Release|Any CPU
		{912903F9-695D-4997-9D21-4EA222D49D85}.Debug|Any CPU.ActiveCfg = Debug|Any CPU
		{912903F9-695D-4997-9D21-4EA222D49D85}.Debug|Any CPU.Build.0 = Debug|Any CPU
		{912903F9-695D-4997-9D21-4EA222D49D85}.Debug|x64.ActiveCfg = Debug|Any CPU
		{912903F9-695D-4997-9D21-4EA222D49D85}.Debug|x64.Build.0 = Debug|Any CPU
		{912903F9-695D-4997-9D21-4EA222D49D85}.Debug|x86.ActiveCfg = Debug|Any CPU
		{912903F9-695D-4997-9D21-4EA222D49D85}.Debug|x86.Build.0 = Debug|Any CPU
		{912903F9-695D-4997-9D21-4EA222D49D85}.Release|Any CPU.ActiveCfg = Release|Any CPU
		{912903F9-695D-4997-9D21-4EA222D49D85}.Release|Any CPU.Build.0 = Release|Any CPU
		{912903F9-695D-4997-9D21-4EA222D49D85}.Release|x64.ActiveCfg = Release|Any CPU
		{912903F9-695D-4997-9D21-4EA222D49D85}.Release|x64.Build.0 = Release|Any CPU
		{912903F9-695D-4997-9D21-4EA222D49D85}.Release|x86.ActiveCfg = Release|Any CPU
		{912903F9-695D-4997-9D21-4EA222D49D85}.Release|x86.Build.0 = Release|Any CPU
		{D9DB7961-0EFB-44FC-AC67-FF883D693136}.Debug|Any CPU.ActiveCfg = Debug|Any CPU
		{D9DB7961-0EFB-44FC-AC67-FF883D693136}.Debug|Any CPU.Build.0 = Debug|Any CPU
		{D9DB7961-0EFB-44FC-AC67-FF883D693136}.Debug|x64.ActiveCfg = Debug|Any CPU
		{D9DB7961-0EFB-44FC-AC67-FF883D693136}.Debug|x64.Build.0 = Debug|Any CPU
		{D9DB7961-0EFB-44FC-AC67-FF883D693136}.Debug|x86.ActiveCfg = Debug|Any CPU
		{D9DB7961-0EFB-44FC-AC67-FF883D693136}.Debug|x86.Build.0 = Debug|Any CPU
		{D9DB7961-0EFB-44FC-AC67-FF883D693136}.Release|Any CPU.ActiveCfg = Release|Any CPU
		{D9DB7961-0EFB-44FC-AC67-FF883D693136}.Release|Any CPU.Build.0 = Release|Any CPU
		{D9DB7961-0EFB-44FC-AC67-FF883D693136}.Release|x64.ActiveCfg = Release|Any CPU
		{D9DB7961-0EFB-44FC-AC67-FF883D693136}.Release|x64.Build.0 = Release|Any CPU
		{D9DB7961-0EFB-44FC-AC67-FF883D693136}.Release|x86.ActiveCfg = Release|Any CPU
		{D9DB7961-0EFB-44FC-AC67-FF883D693136}.Release|x86.Build.0 = Release|Any CPU
		{24C49B6D-5E24-460C-BB16-F25CDF8B2DE8}.Debug|Any CPU.ActiveCfg = Debug|Any CPU
		{24C49B6D-5E24-460C-BB16-F25CDF8B2DE8}.Debug|Any CPU.Build.0 = Debug|Any CPU
		{24C49B6D-5E24-460C-BB16-F25CDF8B2DE8}.Debug|x64.ActiveCfg = Debug|Any CPU
		{24C49B6D-5E24-460C-BB16-F25CDF8B2DE8}.Debug|x64.Build.0 = Debug|Any CPU
		{24C49B6D-5E24-460C-BB16-F25CDF8B2DE8}.Debug|x86.ActiveCfg = Debug|Any CPU
		{24C49B6D-5E24-460C-BB16-F25CDF8B2DE8}.Debug|x86.Build.0 = Debug|Any CPU
		{24C49B6D-5E24-460C-BB16-F25CDF8B2DE8}.Release|Any CPU.ActiveCfg = Release|Any CPU
		{24C49B6D-5E24-460C-BB16-F25CDF8B2DE8}.Release|Any CPU.Build.0 = Release|Any CPU
		{24C49B6D-5E24-460C-BB16-F25CDF8B2DE8}.Release|x64.ActiveCfg = Release|Any CPU
		{24C49B6D-5E24-460C-BB16-F25CDF8B2DE8}.Release|x64.Build.0 = Release|Any CPU
		{24C49B6D-5E24-460C-BB16-F25CDF8B2DE8}.Release|x86.ActiveCfg = Release|Any CPU
		{24C49B6D-5E24-460C-BB16-F25CDF8B2DE8}.Release|x86.Build.0 = Release|Any CPU
		{D778908D-1821-4A16-A98F-A626EE37F0AE}.Debug|Any CPU.ActiveCfg = Debug|Any CPU
		{D778908D-1821-4A16-A98F-A626EE37F0AE}.Debug|Any CPU.Build.0 = Debug|Any CPU
		{D778908D-1821-4A16-A98F-A626EE37F0AE}.Debug|x64.ActiveCfg = Debug|Any CPU
		{D778908D-1821-4A16-A98F-A626EE37F0AE}.Debug|x64.Build.0 = Debug|Any CPU
		{D778908D-1821-4A16-A98F-A626EE37F0AE}.Debug|x86.ActiveCfg = Debug|Any CPU
		{D778908D-1821-4A16-A98F-A626EE37F0AE}.Debug|x86.Build.0 = Debug|Any CPU
		{D778908D-1821-4A16-A98F-A626EE37F0AE}.Release|Any CPU.ActiveCfg = Release|Any CPU
		{D778908D-1821-4A16-A98F-A626EE37F0AE}.Release|Any CPU.Build.0 = Release|Any CPU
		{D778908D-1821-4A16-A98F-A626EE37F0AE}.Release|x64.ActiveCfg = Release|Any CPU
		{D778908D-1821-4A16-A98F-A626EE37F0AE}.Release|x64.Build.0 = Release|Any CPU
		{D778908D-1821-4A16-A98F-A626EE37F0AE}.Release|x86.ActiveCfg = Release|Any CPU
		{D778908D-1821-4A16-A98F-A626EE37F0AE}.Release|x86.Build.0 = Release|Any CPU
	EndGlobalSection
	GlobalSection(SolutionProperties) = preSolution
		HideSolutionNode = FALSE
	EndGlobalSection
	GlobalSection(NestedProjects) = preSolution
		{F0E0EDE6-8247-4C2F-937E-AFFE7DE3B881} = {5A9BE3D6-B240-43FB-9924-3DEAD4417655}
		{AACD4D96-BD0B-4138-A125-D598ACD60804} = {5A9BE3D6-B240-43FB-9924-3DEAD4417655}
		{233B75A9-7529-4CBC-A4D0-620978009D7A} = {5A9BE3D6-B240-43FB-9924-3DEAD4417655}
		{C7BA0915-B299-49C8-8304-9D6E03A8A5CE} = {5A9BE3D6-B240-43FB-9924-3DEAD4417655}
		{84BE9C23-8F2E-4921-B329-14DF8735264F} = {5A9BE3D6-B240-43FB-9924-3DEAD4417655}
		{51CB1E8C-A814-4A8B-A62D-A0968E4EFA56} = {5A9BE3D6-B240-43FB-9924-3DEAD4417655}
		{AAEBC2B5-D180-4333-8FBA-2F630031A0ED} = {5A9BE3D6-B240-43FB-9924-3DEAD4417655}
		{4BD5EDDD-2F36-473D-8FE9-7DCC8D2B909F} = {B5674C29-4DD8-4665-AED9-66972F3F9830}
		{4605FB99-A5F1-4C47-A5E9-4E05F61E40EF} = {B5674C29-4DD8-4665-AED9-66972F3F9830}
		{282ABF65-D737-468E-9F52-EA40D770C961} = {B5674C29-4DD8-4665-AED9-66972F3F9830}
		{B9B4093E-B76F-4615-8930-E0085DA26AF3} = {B5674C29-4DD8-4665-AED9-66972F3F9830}
		{A895FB0A-8EF5-4991-BF8D-C0F8235BB2F0} = {B5674C29-4DD8-4665-AED9-66972F3F9830}
		{A2512B6B-1693-4452-9B0E-39EAC853237B} = {B5674C29-4DD8-4665-AED9-66972F3F9830}
		{52696DA7-DC37-41BB-8C80-71D239922391} = {B5674C29-4DD8-4665-AED9-66972F3F9830}
		{DC7FF2E2-B5A1-408F-A70A-68D969DEC7C8} = {B5674C29-4DD8-4665-AED9-66972F3F9830}
		{04076DEC-B2CE-4FCA-827B-7ECAB8744820} = {B5674C29-4DD8-4665-AED9-66972F3F9830}
		{5CFC0347-488E-40DC-A1FB-C457805F34D4} = {B5674C29-4DD8-4665-AED9-66972F3F9830}
		{19262392-AB95-4113-8BB8-A9694D22B36A} = {5A9BE3D6-B240-43FB-9924-3DEAD4417655}
		{0E09D657-B407-45C6-B172-A68B4253D865} = {5138D5CC-9FBC-4A30-BB89-42C97ABBD784}
		{44861339-41CD-424C-AA8C-8C14C8E2F85B} = {5A9BE3D6-B240-43FB-9924-3DEAD4417655}
		{AAD17727-A124-47CA-BE01-12F7BF7E6A7B} = {5A9BE3D6-B240-43FB-9924-3DEAD4417655}
		{912903F9-695D-4997-9D21-4EA222D49D85} = {5A9BE3D6-B240-43FB-9924-3DEAD4417655}
		{D9DB7961-0EFB-44FC-AC67-FF883D693136} = {B5674C29-4DD8-4665-AED9-66972F3F9830}
	EndGlobalSection
	GlobalSection(ExtensibilityGlobals) = postSolution
		SolutionGuid = {009866DB-2C18-4FC0-84E8-A53C4AE4010E}
	EndGlobalSection
EndGlobal
